// !$*UTF8*$!
{
	archiveVersion = 1;
	classes = {
	};
	objectVersion = 50;
	objects = {

/* Begin PBXBuildFile section */
		B04417D925C5983C007AC901 /* Problem22.swift in Sources */ = {isa = PBXBuildFile; fileRef = B04417D825C5983C007AC901 /* Problem22.swift */; };
		B04417DE25C59974007AC901 /* Problem22Op.swift in Sources */ = {isa = PBXBuildFile; fileRef = B04417DD25C59974007AC901 /* Problem22Op.swift */; };
		B04417E325C59B81007AC901 /* Problem22Names.txt in Resources */ = {isa = PBXBuildFile; fileRef = B04417E225C59B81007AC901 /* Problem22Names.txt */; };
		B04417EE25C5DB26007AC901 /* Problem22Tests.swift in Sources */ = {isa = PBXBuildFile; fileRef = B04417ED25C5DB26007AC901 /* Problem22Tests.swift */; };
		B04417F925C6143E007AC901 /* Problem23.swift in Sources */ = {isa = PBXBuildFile; fileRef = B04417F825C6143E007AC901 /* Problem23.swift */; };
		B04417FE25C631C5007AC901 /* Problem23Op.swift in Sources */ = {isa = PBXBuildFile; fileRef = B04417FD25C631C5007AC901 /* Problem23Op.swift */; };
		B044180325C71A1A007AC901 /* Problem23Tests.swift in Sources */ = {isa = PBXBuildFile; fileRef = B044180225C71A1A007AC901 /* Problem23Tests.swift */; };
		B0533FA3259B84F1002B9581 /* SyEulerApp.swift in Sources */ = {isa = PBXBuildFile; fileRef = B0533FA2259B84F1002B9581 /* SyEulerApp.swift */; };
		B0533FA5259B84F1002B9581 /* ProblemList.swift in Sources */ = {isa = PBXBuildFile; fileRef = B0533FA4259B84F1002B9581 /* ProblemList.swift */; };
		B0533FA7259B84F3002B9581 /* Assets.xcassets in Resources */ = {isa = PBXBuildFile; fileRef = B0533FA6259B84F3002B9581 /* Assets.xcassets */; };
		B0533FAA259B84F3002B9581 /* Preview Assets.xcassets in Resources */ = {isa = PBXBuildFile; fileRef = B0533FA9259B84F3002B9581 /* Preview Assets.xcassets */; };
		B0533FB5259B84F3002B9581 /* SyEulerTests.swift in Sources */ = {isa = PBXBuildFile; fileRef = B0533FB4259B84F3002B9581 /* SyEulerTests.swift */; };
		B0533FC0259B84F3002B9581 /* SyEulerUITests.swift in Sources */ = {isa = PBXBuildFile; fileRef = B0533FBF259B84F3002B9581 /* SyEulerUITests.swift */; };
		B0533FE7259B863C002B9581 /* Problem1Tests.swift in Sources */ = {isa = PBXBuildFile; fileRef = B0533FE6259B863C002B9581 /* Problem1Tests.swift */; };
		B0533FF6259B87A2002B9581 /* Problem1.swift in Sources */ = {isa = PBXBuildFile; fileRef = B0533FF4259B87A2002B9581 /* Problem1.swift */; };
		B0533FF7259B87A2002B9581 /* Problem.swift in Sources */ = {isa = PBXBuildFile; fileRef = B0533FF5259B87A2002B9581 /* Problem.swift */; };
		B0533FFC259B87B1002B9581 /* Logger.swift in Sources */ = {isa = PBXBuildFile; fileRef = B0533FFB259B87B1002B9581 /* Logger.swift */; };
		B05C5585259D388E0077BEC2 /* Problem3Op.swift in Sources */ = {isa = PBXBuildFile; fileRef = B05C5584259D388E0077BEC2 /* Problem3Op.swift */; };
		B05C558A259D5D7C0077BEC2 /* README.md in Resources */ = {isa = PBXBuildFile; fileRef = B05C5589259D5D7C0077BEC2 /* README.md */; };
		B05C5592259D5EAC0077BEC2 /* LICENSE in Resources */ = {isa = PBXBuildFile; fileRef = B05C5591259D5EAC0077BEC2 /* LICENSE */; };
		B05C5597259D618E0077BEC2 /* CapsuleButton.swift in Sources */ = {isa = PBXBuildFile; fileRef = B05C5596259D618E0077BEC2 /* CapsuleButton.swift */; };
		B05C55A5259E18920077BEC2 /* Problem3Tests.swift in Sources */ = {isa = PBXBuildFile; fileRef = B05C55A4259E18920077BEC2 /* Problem3Tests.swift */; };
		B05C55AD259E25FF0077BEC2 /* BundleExtension.swift in Sources */ = {isa = PBXBuildFile; fileRef = B05C55AC259E25FF0077BEC2 /* BundleExtension.swift */; };
		B05C55B8259F6AF70077BEC2 /* Problem4.swift in Sources */ = {isa = PBXBuildFile; fileRef = B05C55B7259F6AF70077BEC2 /* Problem4.swift */; };
		B05C55BD259F6BE20077BEC2 /* Problem4Op.swift in Sources */ = {isa = PBXBuildFile; fileRef = B05C55BC259F6BE20077BEC2 /* Problem4Op.swift */; };
		B05C55C2259FB1410077BEC2 /* IntExtension.swift in Sources */ = {isa = PBXBuildFile; fileRef = B05C55C1259FB1410077BEC2 /* IntExtension.swift */; };
		B05C55CA259FE7D00077BEC2 /* Problem4Tests.swift in Sources */ = {isa = PBXBuildFile; fileRef = B05C55C9259FE7D00077BEC2 /* Problem4Tests.swift */; };
		B066C32525B34ADB0033D470 /* Problem13.swift in Sources */ = {isa = PBXBuildFile; fileRef = B066C32425B34ADB0033D470 /* Problem13.swift */; };
		B066C32A25B34C120033D470 /* Problem13Op.swift in Sources */ = {isa = PBXBuildFile; fileRef = B066C32925B34C120033D470 /* Problem13Op.swift */; };
		B066C32F25B3ADC30033D470 /* Problem13Tests.swift in Sources */ = {isa = PBXBuildFile; fileRef = B066C32E25B3ADC30033D470 /* Problem13Tests.swift */; };
		B07362F325E4135E001F65B6 /* Problem24Tests.swift in Sources */ = {isa = PBXBuildFile; fileRef = B07362F225E4135E001F65B6 /* Problem24Tests.swift */; };
		B07BBC71259B8F8200A8DE25 /* Problem2.swift in Sources */ = {isa = PBXBuildFile; fileRef = B07BBC70259B8F8200A8DE25 /* Problem2.swift */; };
		B07BBC79259B92E000A8DE25 /* ProblemRow.swift in Sources */ = {isa = PBXBuildFile; fileRef = B07BBC78259B92E000A8DE25 /* ProblemRow.swift */; };
		B07BBC88259B981200A8DE25 /* UIColorExtension.swift in Sources */ = {isa = PBXBuildFile; fileRef = B07BBC87259B981200A8DE25 /* UIColorExtension.swift */; };
		B07BBC8F259B9F9200A8DE25 /* ProblemDetail.swift in Sources */ = {isa = PBXBuildFile; fileRef = B07BBC8E259B9F9200A8DE25 /* ProblemDetail.swift */; };
		B07BBC97259BA17F00A8DE25 /* GeneralInfo.swift in Sources */ = {isa = PBXBuildFile; fileRef = B07BBC96259BA17F00A8DE25 /* GeneralInfo.swift */; };
		B07BBC9C259BB49800A8DE25 /* ProblemCompletedOn.swift in Sources */ = {isa = PBXBuildFile; fileRef = B07BBC9B259BB49800A8DE25 /* ProblemCompletedOn.swift */; };
		B07BBCA1259BB5E300A8DE25 /* ProblemStartedOn.swift in Sources */ = {isa = PBXBuildFile; fileRef = B07BBCA0259BB5E300A8DE25 /* ProblemStartedOn.swift */; };
		B07BBCBA259BC5B600A8DE25 /* Safari.swift in Sources */ = {isa = PBXBuildFile; fileRef = B07BBCB9259BC5B600A8DE25 /* Safari.swift */; };
		B07BBCC3259BC76B00A8DE25 /* ProblemTitle.swift in Sources */ = {isa = PBXBuildFile; fileRef = B07BBCC2259BC76B00A8DE25 /* ProblemTitle.swift */; };
		B07BBCE3259BE36500A8DE25 /* Problem2Tests.swift in Sources */ = {isa = PBXBuildFile; fileRef = B07BBCE2259BE36500A8DE25 /* Problem2Tests.swift */; };
		B07BBCF6259C0C7E00A8DE25 /* Launch Screen.storyboard in Resources */ = {isa = PBXBuildFile; fileRef = B07BBCF5259C0C7E00A8DE25 /* Launch Screen.storyboard */; };
		B07BBD07259C163E00A8DE25 /* Problem3.swift in Sources */ = {isa = PBXBuildFile; fileRef = B07BBD06259C163E00A8DE25 /* Problem3.swift */; };
		B07BBD0F259C234300A8DE25 /* GoButton.swift in Sources */ = {isa = PBXBuildFile; fileRef = B07BBD0E259C234300A8DE25 /* GoButton.swift */; };
		B07BBD14259C3D3200A8DE25 /* DoubleExtension.swift in Sources */ = {isa = PBXBuildFile; fileRef = B07BBD13259C3D3200A8DE25 /* DoubleExtension.swift */; };
		B07BBD27259D20D100A8DE25 /* Problem1Op.swift in Sources */ = {isa = PBXBuildFile; fileRef = B07BBD26259D20D100A8DE25 /* Problem1Op.swift */; };
		B07BBD2F259D20F900A8DE25 /* Problem2Op.swift in Sources */ = {isa = PBXBuildFile; fileRef = B07BBD2E259D20F900A8DE25 /* Problem2Op.swift */; };
		B08905C025E47049005F4B61 /* Problem25.swift in Sources */ = {isa = PBXBuildFile; fileRef = B08905BF25E47049005F4B61 /* Problem25.swift */; };
		B08BEE7A25B67DCE00EB59C5 /* Problem17.swift in Sources */ = {isa = PBXBuildFile; fileRef = B08BEE7925B67DCE00EB59C5 /* Problem17.swift */; };
		B08BEE7F25B67DD600EB59C5 /* Problem17Op.swift in Sources */ = {isa = PBXBuildFile; fileRef = B08BEE7E25B67DD600EB59C5 /* Problem17Op.swift */; };
		B08BEE8425B67DEA00EB59C5 /* Problem17Tests.swift in Sources */ = {isa = PBXBuildFile; fileRef = B08BEE8325B67DEA00EB59C5 /* Problem17Tests.swift */; };
		B08D552D25E4AEE80028C397 /* Problem25Tests.swift in Sources */ = {isa = PBXBuildFile; fileRef = B08D552C25E4AEE80028C397 /* Problem25Tests.swift */; };
		B095429825A20CFD00007D5F /* Problem5.swift in Sources */ = {isa = PBXBuildFile; fileRef = B095429725A20CFD00007D5F /* Problem5.swift */; };
		B095429D25A20D7200007D5F /* Problem5Op.swift in Sources */ = {isa = PBXBuildFile; fileRef = B095429C25A20D7200007D5F /* Problem5Op.swift */; };
		B09542B225A23F8000007D5F /* Problem5Tests.swift in Sources */ = {isa = PBXBuildFile; fileRef = B09542B125A23F8000007D5F /* Problem5Tests.swift */; };
		B0971A4325FEBA3200A105F7 /* Problem26Tests.swift in Sources */ = {isa = PBXBuildFile; fileRef = B0971A4225FEBA3200A105F7 /* Problem26Tests.swift */; };
		B0971A79260059F800A105F7 /* Problem27.swift in Sources */ = {isa = PBXBuildFile; fileRef = B0971A78260059F800A105F7 /* Problem27.swift */; };
		B0971A7E26005AA000A105F7 /* Problem27Op.swift in Sources */ = {isa = PBXBuildFile; fileRef = B0971A7D26005AA000A105F7 /* Problem27Op.swift */; };
		B0C58B6125B88A4F00AE97DA /* Problem18.swift in Sources */ = {isa = PBXBuildFile; fileRef = B0C58B6025B88A4F00AE97DA /* Problem18.swift */; };
		B0C58B6625B88A5A00AE97DA /* Problem18Op.swift in Sources */ = {isa = PBXBuildFile; fileRef = B0C58B6525B88A5A00AE97DA /* Problem18Op.swift */; };
		B0C58B6B25B88A6300AE97DA /* Problem18Tests.swift in Sources */ = {isa = PBXBuildFile; fileRef = B0C58B6A25B88A6300AE97DA /* Problem18Tests.swift */; };
		B0C58B7925B9107100AE97DA /* Problem19.swift in Sources */ = {isa = PBXBuildFile; fileRef = B0C58B7825B9107100AE97DA /* Problem19.swift */; };
		B0C58B7E25B9107C00AE97DA /* Problem19Op.swift in Sources */ = {isa = PBXBuildFile; fileRef = B0C58B7D25B9107C00AE97DA /* Problem19Op.swift */; };
		B0C58B8325B9109000AE97DA /* Problem19Tests.swift in Sources */ = {isa = PBXBuildFile; fileRef = B0C58B8225B9109000AE97DA /* Problem19Tests.swift */; };
		B0C5F28025A4120100040156 /* Problem9.swift in Sources */ = {isa = PBXBuildFile; fileRef = B0C5F27F25A4120100040156 /* Problem9.swift */; };
		B0C5F28525A4120900040156 /* Problem9Op.swift in Sources */ = {isa = PBXBuildFile; fileRef = B0C5F28425A4120900040156 /* Problem9Op.swift */; };
		B0C5F28A25A6188C00040156 /* Problem9Tests.swift in Sources */ = {isa = PBXBuildFile; fileRef = B0C5F28925A6188B00040156 /* Problem9Tests.swift */; };
		B0C5F28F25A61EBA00040156 /* Problem10.swift in Sources */ = {isa = PBXBuildFile; fileRef = B0C5F28E25A61EBA00040156 /* Problem10.swift */; };
		B0C5F29425A61F3B00040156 /* Problem10Op.swift in Sources */ = {isa = PBXBuildFile; fileRef = B0C5F29325A61F3B00040156 /* Problem10Op.swift */; };
		B0C5F29925A627E400040156 /* Problem10Tests.swift in Sources */ = {isa = PBXBuildFile; fileRef = B0C5F29825A627E400040156 /* Problem10Tests.swift */; };
		B0CEE7F625B5245E004873E7 /* Problem16.swift in Sources */ = {isa = PBXBuildFile; fileRef = B0CEE7F525B5245E004873E7 /* Problem16.swift */; };
		B0CEE7FB25B524D7004873E7 /* Problem16Op.swift in Sources */ = {isa = PBXBuildFile; fileRef = B0CEE7FA25B524D7004873E7 /* Problem16Op.swift */; };
		B0CEE80325B6440F004873E7 /* BigInt.swift in Sources */ = {isa = PBXBuildFile; fileRef = B0CEE80225B6440F004873E7 /* BigInt.swift */; };
		B0CEE81325B64A68004873E7 /* Problem16Tests.swift in Sources */ = {isa = PBXBuildFile; fileRef = B0CEE81225B64A68004873E7 /* Problem16Tests.swift */; };
		B0D39BE125E73E6A00057C65 /* Problem26Op.swift in Sources */ = {isa = PBXBuildFile; fileRef = B0D39BE025E73E6A00057C65 /* Problem26Op.swift */; };
		B0D39BE625E73E7B00057C65 /* Problem26.swift in Sources */ = {isa = PBXBuildFile; fileRef = B0D39BE525E73E7B00057C65 /* Problem26.swift */; };
		B0D3EC5425E47218000ECCE0 /* Problem25Op.swift in Sources */ = {isa = PBXBuildFile; fileRef = B0D3EC5325E47218000ECCE0 /* Problem25Op.swift */; };
		B0D56C8925B3C6E700699F63 /* Problem14Op.swift in Sources */ = {isa = PBXBuildFile; fileRef = B0D56C8825B3C6E700699F63 /* Problem14Op.swift */; };
		B0D56C8E25B3C75B00699F63 /* Problem14.swift in Sources */ = {isa = PBXBuildFile; fileRef = B0D56C8D25B3C75B00699F63 /* Problem14.swift */; };
		B0D56C9325B3CE3400699F63 /* Problem14Tests.swift in Sources */ = {isa = PBXBuildFile; fileRef = B0D56C9225B3CE3400699F63 /* Problem14Tests.swift */; };
		B0D56CA125B3DEEB00699F63 /* Problem15.swift in Sources */ = {isa = PBXBuildFile; fileRef = B0D56CA025B3DEEB00699F63 /* Problem15.swift */; };
		B0D56CA625B3DEF800699F63 /* Problem15Op.swift in Sources */ = {isa = PBXBuildFile; fileRef = B0D56CA525B3DEF800699F63 /* Problem15Op.swift */; };
		B0D56CB125B51B5C00699F63 /* Problem15Tests.swift in Sources */ = {isa = PBXBuildFile; fileRef = B0D56CB025B51B5C00699F63 /* Problem15Tests.swift */; };
		B0D8F59725A37A1100129FA3 /* Problem6.swift in Sources */ = {isa = PBXBuildFile; fileRef = B0D8F59625A37A1100129FA3 /* Problem6.swift */; };
		B0D8F59C25A37A1C00129FA3 /* Problem6Op.swift in Sources */ = {isa = PBXBuildFile; fileRef = B0D8F59B25A37A1C00129FA3 /* Problem6Op.swift */; };
		B0D8F5A125A37E1300129FA3 /* Problem7.swift in Sources */ = {isa = PBXBuildFile; fileRef = B0D8F5A025A37E1300129FA3 /* Problem7.swift */; };
		B0D8F5A625A37E5E00129FA3 /* Problem7Op.swift in Sources */ = {isa = PBXBuildFile; fileRef = B0D8F5A525A37E5E00129FA3 /* Problem7Op.swift */; };
		B0D8F5AB25A38FEE00129FA3 /* Problem7Tests.swift in Sources */ = {isa = PBXBuildFile; fileRef = B0D8F5AA25A38FEE00129FA3 /* Problem7Tests.swift */; };
		B0D9390525AFDFC800951EDD /* Problem11.swift in Sources */ = {isa = PBXBuildFile; fileRef = B0D9390425AFDFC700951EDD /* Problem11.swift */; };
		B0D9390A25AFE05500951EDD /* Problem11Op.swift in Sources */ = {isa = PBXBuildFile; fileRef = B0D9390925AFE05500951EDD /* Problem11Op.swift */; };
		B0E2AED525C729AB00B33B19 /* Problem24.swift in Sources */ = {isa = PBXBuildFile; fileRef = B0E2AED425C729AB00B33B19 /* Problem24.swift */; };
		B0E2AEDA25C72A1900B33B19 /* Problem24Op.swift in Sources */ = {isa = PBXBuildFile; fileRef = B0E2AED925C72A1900B33B19 /* Problem24Op.swift */; };
		B0E6539425B92C04006D0D0B /* Problem20.swift in Sources */ = {isa = PBXBuildFile; fileRef = B0E6539325B92C04006D0D0B /* Problem20.swift */; };
		B0E6539925B92C1A006D0D0B /* Problem20Op.swift in Sources */ = {isa = PBXBuildFile; fileRef = B0E6539825B92C1A006D0D0B /* Problem20Op.swift */; };
		B0E6539E25B92C23006D0D0B /* Problem20Tests.swift in Sources */ = {isa = PBXBuildFile; fileRef = B0E6539D25B92C23006D0D0B /* Problem20Tests.swift */; };
		B0E950C825B099D600F9B94B /* Problem11Tests.swift in Sources */ = {isa = PBXBuildFile; fileRef = B0E950C725B099D600F9B94B /* Problem11Tests.swift */; };
		B0E950D625B0B10000F9B94B /* Problem12.swift in Sources */ = {isa = PBXBuildFile; fileRef = B0E950D525B0B10000F9B94B /* Problem12.swift */; };
		B0E950DB25B0B18100F9B94B /* Problem12Op.swift in Sources */ = {isa = PBXBuildFile; fileRef = B0E950DA25B0B18100F9B94B /* Problem12Op.swift */; };
		B0E950E025B1383B00F9B94B /* Problem12Tests.swift in Sources */ = {isa = PBXBuildFile; fileRef = B0E950DF25B1383B00F9B94B /* Problem12Tests.swift */; };
		B0EDEDE125A3BF41006A3C45 /* Problem6Tests.swift in Sources */ = {isa = PBXBuildFile; fileRef = B0EDEDE025A3BF41006A3C45 /* Problem6Tests.swift */; };
		B0EDEDEF25A3CE8F006A3C45 /* Problem8.swift in Sources */ = {isa = PBXBuildFile; fileRef = B0EDEDEE25A3CE8F006A3C45 /* Problem8.swift */; };
		B0EDEDF425A3CEC1006A3C45 /* Problem8Op.swift in Sources */ = {isa = PBXBuildFile; fileRef = B0EDEDF325A3CEC1006A3C45 /* Problem8Op.swift */; };
		B0EDEDF925A3FA7D006A3C45 /* Problem8Tests.swift in Sources */ = {isa = PBXBuildFile; fileRef = B0EDEDF825A3FA7D006A3C45 /* Problem8Tests.swift */; };
		B0F4A6AE25C25A9700887805 /* Problem21.swift in Sources */ = {isa = PBXBuildFile; fileRef = B0F4A6AD25C25A9700887805 /* Problem21.swift */; };
		B0F4A6B325C25AA400887805 /* Problem21Op.swift in Sources */ = {isa = PBXBuildFile; fileRef = B0F4A6B225C25AA400887805 /* Problem21Op.swift */; };
		B0F4A6B825C25AB400887805 /* Problem21Tests.swift in Sources */ = {isa = PBXBuildFile; fileRef = B0F4A6B725C25AB400887805 /* Problem21Tests.swift */; };
/* End PBXBuildFile section */

/* Begin PBXContainerItemProxy section */
		B0533FB1259B84F3002B9581 /* PBXContainerItemProxy */ = {
			isa = PBXContainerItemProxy;
			containerPortal = B0533F97259B84F1002B9581 /* Project object */;
			proxyType = 1;
			remoteGlobalIDString = B0533F9E259B84F1002B9581;
			remoteInfo = SyEuler;
		};
		B0533FBC259B84F3002B9581 /* PBXContainerItemProxy */ = {
			isa = PBXContainerItemProxy;
			containerPortal = B0533F97259B84F1002B9581 /* Project object */;
			proxyType = 1;
			remoteGlobalIDString = B0533F9E259B84F1002B9581;
			remoteInfo = SyEuler;
		};
/* End PBXContainerItemProxy section */

/* Begin PBXFileReference section */
		B04417D825C5983C007AC901 /* Problem22.swift */ = {isa = PBXFileReference; lastKnownFileType = sourcecode.swift; path = Problem22.swift; sourceTree = "<group>"; };
		B04417DD25C59974007AC901 /* Problem22Op.swift */ = {isa = PBXFileReference; lastKnownFileType = sourcecode.swift; path = Problem22Op.swift; sourceTree = "<group>"; };
		B04417E225C59B81007AC901 /* Problem22Names.txt */ = {isa = PBXFileReference; fileEncoding = 4; lastKnownFileType = text; path = Problem22Names.txt; sourceTree = "<group>"; };
		B04417ED25C5DB26007AC901 /* Problem22Tests.swift */ = {isa = PBXFileReference; lastKnownFileType = sourcecode.swift; path = Problem22Tests.swift; sourceTree = "<group>"; };
		B04417F825C6143E007AC901 /* Problem23.swift */ = {isa = PBXFileReference; lastKnownFileType = sourcecode.swift; path = Problem23.swift; sourceTree = "<group>"; };
		B04417FD25C631C5007AC901 /* Problem23Op.swift */ = {isa = PBXFileReference; lastKnownFileType = sourcecode.swift; path = Problem23Op.swift; sourceTree = "<group>"; };
		B044180225C71A1A007AC901 /* Problem23Tests.swift */ = {isa = PBXFileReference; lastKnownFileType = sourcecode.swift; path = Problem23Tests.swift; sourceTree = "<group>"; };
		B0533F9F259B84F1002B9581 /* SyEuler.app */ = {isa = PBXFileReference; explicitFileType = wrapper.application; includeInIndex = 0; path = SyEuler.app; sourceTree = BUILT_PRODUCTS_DIR; };
		B0533FA2259B84F1002B9581 /* SyEulerApp.swift */ = {isa = PBXFileReference; lastKnownFileType = sourcecode.swift; path = SyEulerApp.swift; sourceTree = "<group>"; };
		B0533FA4259B84F1002B9581 /* ProblemList.swift */ = {isa = PBXFileReference; lastKnownFileType = sourcecode.swift; path = ProblemList.swift; sourceTree = "<group>"; };
		B0533FA6259B84F3002B9581 /* Assets.xcassets */ = {isa = PBXFileReference; lastKnownFileType = folder.assetcatalog; path = Assets.xcassets; sourceTree = "<group>"; };
		B0533FA9259B84F3002B9581 /* Preview Assets.xcassets */ = {isa = PBXFileReference; lastKnownFileType = folder.assetcatalog; path = "Preview Assets.xcassets"; sourceTree = "<group>"; };
		B0533FAB259B84F3002B9581 /* Info.plist */ = {isa = PBXFileReference; lastKnownFileType = text.plist.xml; path = Info.plist; sourceTree = "<group>"; };
		B0533FB0259B84F3002B9581 /* SyEulerTests.xctest */ = {isa = PBXFileReference; explicitFileType = wrapper.cfbundle; includeInIndex = 0; path = SyEulerTests.xctest; sourceTree = BUILT_PRODUCTS_DIR; };
		B0533FB4259B84F3002B9581 /* SyEulerTests.swift */ = {isa = PBXFileReference; lastKnownFileType = sourcecode.swift; path = SyEulerTests.swift; sourceTree = "<group>"; };
		B0533FB6259B84F3002B9581 /* Info.plist */ = {isa = PBXFileReference; lastKnownFileType = text.plist.xml; path = Info.plist; sourceTree = "<group>"; };
		B0533FBB259B84F3002B9581 /* SyEulerUITests.xctest */ = {isa = PBXFileReference; explicitFileType = wrapper.cfbundle; includeInIndex = 0; path = SyEulerUITests.xctest; sourceTree = BUILT_PRODUCTS_DIR; };
		B0533FBF259B84F3002B9581 /* SyEulerUITests.swift */ = {isa = PBXFileReference; lastKnownFileType = sourcecode.swift; path = SyEulerUITests.swift; sourceTree = "<group>"; };
		B0533FC1259B84F3002B9581 /* Info.plist */ = {isa = PBXFileReference; lastKnownFileType = text.plist.xml; path = Info.plist; sourceTree = "<group>"; };
		B0533FE6259B863C002B9581 /* Problem1Tests.swift */ = {isa = PBXFileReference; fileEncoding = 4; lastKnownFileType = sourcecode.swift; path = Problem1Tests.swift; sourceTree = "<group>"; };
		B0533FF4259B87A2002B9581 /* Problem1.swift */ = {isa = PBXFileReference; fileEncoding = 4; lastKnownFileType = sourcecode.swift; path = Problem1.swift; sourceTree = "<group>"; };
		B0533FF5259B87A2002B9581 /* Problem.swift */ = {isa = PBXFileReference; fileEncoding = 4; lastKnownFileType = sourcecode.swift; path = Problem.swift; sourceTree = "<group>"; };
		B0533FFB259B87B1002B9581 /* Logger.swift */ = {isa = PBXFileReference; fileEncoding = 4; lastKnownFileType = sourcecode.swift; path = Logger.swift; sourceTree = "<group>"; };
		B05C5584259D388E0077BEC2 /* Problem3Op.swift */ = {isa = PBXFileReference; lastKnownFileType = sourcecode.swift; path = Problem3Op.swift; sourceTree = "<group>"; };
		B05C5589259D5D7C0077BEC2 /* README.md */ = {isa = PBXFileReference; fileEncoding = 4; lastKnownFileType = net.daringfireball.markdown; path = README.md; sourceTree = SOURCE_ROOT; };
		B05C5591259D5EAC0077BEC2 /* LICENSE */ = {isa = PBXFileReference; fileEncoding = 4; lastKnownFileType = text; path = LICENSE; sourceTree = "<group>"; };
		B05C5596259D618E0077BEC2 /* CapsuleButton.swift */ = {isa = PBXFileReference; fileEncoding = 4; lastKnownFileType = sourcecode.swift; path = CapsuleButton.swift; sourceTree = "<group>"; };
		B05C55A4259E18920077BEC2 /* Problem3Tests.swift */ = {isa = PBXFileReference; lastKnownFileType = sourcecode.swift; path = Problem3Tests.swift; sourceTree = "<group>"; };
		B05C55AC259E25FF0077BEC2 /* BundleExtension.swift */ = {isa = PBXFileReference; fileEncoding = 4; lastKnownFileType = sourcecode.swift; path = BundleExtension.swift; sourceTree = "<group>"; };
		B05C55B7259F6AF70077BEC2 /* Problem4.swift */ = {isa = PBXFileReference; lastKnownFileType = sourcecode.swift; path = Problem4.swift; sourceTree = "<group>"; };
		B05C55BC259F6BE20077BEC2 /* Problem4Op.swift */ = {isa = PBXFileReference; lastKnownFileType = sourcecode.swift; path = Problem4Op.swift; sourceTree = "<group>"; };
		B05C55C1259FB1410077BEC2 /* IntExtension.swift */ = {isa = PBXFileReference; lastKnownFileType = sourcecode.swift; path = IntExtension.swift; sourceTree = "<group>"; };
		B05C55C9259FE7D00077BEC2 /* Problem4Tests.swift */ = {isa = PBXFileReference; lastKnownFileType = sourcecode.swift; path = Problem4Tests.swift; sourceTree = "<group>"; };
		B066C32425B34ADB0033D470 /* Problem13.swift */ = {isa = PBXFileReference; lastKnownFileType = sourcecode.swift; path = Problem13.swift; sourceTree = "<group>"; };
		B066C32925B34C120033D470 /* Problem13Op.swift */ = {isa = PBXFileReference; lastKnownFileType = sourcecode.swift; path = Problem13Op.swift; sourceTree = "<group>"; };
		B066C32E25B3ADC30033D470 /* Problem13Tests.swift */ = {isa = PBXFileReference; lastKnownFileType = sourcecode.swift; path = Problem13Tests.swift; sourceTree = "<group>"; };
		B07362F225E4135E001F65B6 /* Problem24Tests.swift */ = {isa = PBXFileReference; lastKnownFileType = sourcecode.swift; path = Problem24Tests.swift; sourceTree = "<group>"; };
		B07BBC70259B8F8200A8DE25 /* Problem2.swift */ = {isa = PBXFileReference; lastKnownFileType = sourcecode.swift; path = Problem2.swift; sourceTree = "<group>"; };
		B07BBC78259B92E000A8DE25 /* ProblemRow.swift */ = {isa = PBXFileReference; lastKnownFileType = sourcecode.swift; path = ProblemRow.swift; sourceTree = "<group>"; };
		B07BBC87259B981200A8DE25 /* UIColorExtension.swift */ = {isa = PBXFileReference; fileEncoding = 4; lastKnownFileType = sourcecode.swift; path = UIColorExtension.swift; sourceTree = "<group>"; };
		B07BBC8E259B9F9200A8DE25 /* ProblemDetail.swift */ = {isa = PBXFileReference; lastKnownFileType = sourcecode.swift; path = ProblemDetail.swift; sourceTree = "<group>"; };
		B07BBC96259BA17F00A8DE25 /* GeneralInfo.swift */ = {isa = PBXFileReference; lastKnownFileType = sourcecode.swift; path = GeneralInfo.swift; sourceTree = "<group>"; };
		B07BBC9B259BB49800A8DE25 /* ProblemCompletedOn.swift */ = {isa = PBXFileReference; lastKnownFileType = sourcecode.swift; path = ProblemCompletedOn.swift; sourceTree = "<group>"; };
		B07BBCA0259BB5E300A8DE25 /* ProblemStartedOn.swift */ = {isa = PBXFileReference; lastKnownFileType = sourcecode.swift; path = ProblemStartedOn.swift; sourceTree = "<group>"; };
		B07BBCB9259BC5B600A8DE25 /* Safari.swift */ = {isa = PBXFileReference; lastKnownFileType = sourcecode.swift; path = Safari.swift; sourceTree = "<group>"; };
		B07BBCC2259BC76B00A8DE25 /* ProblemTitle.swift */ = {isa = PBXFileReference; lastKnownFileType = sourcecode.swift; path = ProblemTitle.swift; sourceTree = "<group>"; };
		B07BBCE2259BE36500A8DE25 /* Problem2Tests.swift */ = {isa = PBXFileReference; lastKnownFileType = sourcecode.swift; path = Problem2Tests.swift; sourceTree = "<group>"; };
		B07BBCF5259C0C7E00A8DE25 /* Launch Screen.storyboard */ = {isa = PBXFileReference; lastKnownFileType = file.storyboard; path = "Launch Screen.storyboard"; sourceTree = "<group>"; };
		B07BBD06259C163E00A8DE25 /* Problem3.swift */ = {isa = PBXFileReference; lastKnownFileType = sourcecode.swift; path = Problem3.swift; sourceTree = "<group>"; };
		B07BBD0E259C234300A8DE25 /* GoButton.swift */ = {isa = PBXFileReference; lastKnownFileType = sourcecode.swift; path = GoButton.swift; sourceTree = "<group>"; };
		B07BBD13259C3D3200A8DE25 /* DoubleExtension.swift */ = {isa = PBXFileReference; fileEncoding = 4; lastKnownFileType = sourcecode.swift; path = DoubleExtension.swift; sourceTree = "<group>"; };
		B07BBD26259D20D100A8DE25 /* Problem1Op.swift */ = {isa = PBXFileReference; lastKnownFileType = sourcecode.swift; path = Problem1Op.swift; sourceTree = "<group>"; };
		B07BBD2E259D20F900A8DE25 /* Problem2Op.swift */ = {isa = PBXFileReference; lastKnownFileType = sourcecode.swift; path = Problem2Op.swift; sourceTree = "<group>"; };
		B08905BF25E47049005F4B61 /* Problem25.swift */ = {isa = PBXFileReference; lastKnownFileType = sourcecode.swift; path = Problem25.swift; sourceTree = "<group>"; };
		B08BEE7925B67DCE00EB59C5 /* Problem17.swift */ = {isa = PBXFileReference; lastKnownFileType = sourcecode.swift; path = Problem17.swift; sourceTree = "<group>"; };
		B08BEE7E25B67DD600EB59C5 /* Problem17Op.swift */ = {isa = PBXFileReference; lastKnownFileType = sourcecode.swift; path = Problem17Op.swift; sourceTree = "<group>"; };
		B08BEE8325B67DEA00EB59C5 /* Problem17Tests.swift */ = {isa = PBXFileReference; lastKnownFileType = sourcecode.swift; path = Problem17Tests.swift; sourceTree = "<group>"; };
		B08D552C25E4AEE80028C397 /* Problem25Tests.swift */ = {isa = PBXFileReference; lastKnownFileType = sourcecode.swift; path = Problem25Tests.swift; sourceTree = "<group>"; };
		B095429725A20CFD00007D5F /* Problem5.swift */ = {isa = PBXFileReference; lastKnownFileType = sourcecode.swift; path = Problem5.swift; sourceTree = "<group>"; };
		B095429C25A20D7200007D5F /* Problem5Op.swift */ = {isa = PBXFileReference; lastKnownFileType = sourcecode.swift; path = Problem5Op.swift; sourceTree = "<group>"; };
		B09542B125A23F8000007D5F /* Problem5Tests.swift */ = {isa = PBXFileReference; lastKnownFileType = sourcecode.swift; path = Problem5Tests.swift; sourceTree = "<group>"; };
		B09542B925A2AE7200007D5F /* Playground.playground */ = {isa = PBXFileReference; lastKnownFileType = file.playground; path = Playground.playground; sourceTree = "<group>"; xcLanguageSpecificationIdentifier = xcode.lang.swift; };
		B0971A4225FEBA3200A105F7 /* Problem26Tests.swift */ = {isa = PBXFileReference; lastKnownFileType = sourcecode.swift; path = Problem26Tests.swift; sourceTree = "<group>"; };
		B0971A78260059F800A105F7 /* Problem27.swift */ = {isa = PBXFileReference; lastKnownFileType = sourcecode.swift; path = Problem27.swift; sourceTree = "<group>"; };
		B0971A7D26005AA000A105F7 /* Problem27Op.swift */ = {isa = PBXFileReference; lastKnownFileType = sourcecode.swift; path = Problem27Op.swift; sourceTree = "<group>"; };
		B0C58B6025B88A4F00AE97DA /* Problem18.swift */ = {isa = PBXFileReference; lastKnownFileType = sourcecode.swift; path = Problem18.swift; sourceTree = "<group>"; };
		B0C58B6525B88A5A00AE97DA /* Problem18Op.swift */ = {isa = PBXFileReference; lastKnownFileType = sourcecode.swift; path = Problem18Op.swift; sourceTree = "<group>"; };
		B0C58B6A25B88A6300AE97DA /* Problem18Tests.swift */ = {isa = PBXFileReference; lastKnownFileType = sourcecode.swift; path = Problem18Tests.swift; sourceTree = "<group>"; };
		B0C58B7825B9107100AE97DA /* Problem19.swift */ = {isa = PBXFileReference; lastKnownFileType = sourcecode.swift; path = Problem19.swift; sourceTree = "<group>"; };
		B0C58B7D25B9107C00AE97DA /* Problem19Op.swift */ = {isa = PBXFileReference; lastKnownFileType = sourcecode.swift; path = Problem19Op.swift; sourceTree = "<group>"; };
		B0C58B8225B9109000AE97DA /* Problem19Tests.swift */ = {isa = PBXFileReference; lastKnownFileType = sourcecode.swift; path = Problem19Tests.swift; sourceTree = "<group>"; };
		B0C5F27F25A4120100040156 /* Problem9.swift */ = {isa = PBXFileReference; lastKnownFileType = sourcecode.swift; path = Problem9.swift; sourceTree = "<group>"; };
		B0C5F28425A4120900040156 /* Problem9Op.swift */ = {isa = PBXFileReference; lastKnownFileType = sourcecode.swift; path = Problem9Op.swift; sourceTree = "<group>"; };
		B0C5F28925A6188B00040156 /* Problem9Tests.swift */ = {isa = PBXFileReference; lastKnownFileType = sourcecode.swift; path = Problem9Tests.swift; sourceTree = "<group>"; };
		B0C5F28E25A61EBA00040156 /* Problem10.swift */ = {isa = PBXFileReference; lastKnownFileType = sourcecode.swift; path = Problem10.swift; sourceTree = "<group>"; };
		B0C5F29325A61F3B00040156 /* Problem10Op.swift */ = {isa = PBXFileReference; lastKnownFileType = sourcecode.swift; path = Problem10Op.swift; sourceTree = "<group>"; };
		B0C5F29825A627E400040156 /* Problem10Tests.swift */ = {isa = PBXFileReference; lastKnownFileType = sourcecode.swift; path = Problem10Tests.swift; sourceTree = "<group>"; };
		B0CEE7F525B5245E004873E7 /* Problem16.swift */ = {isa = PBXFileReference; lastKnownFileType = sourcecode.swift; path = Problem16.swift; sourceTree = "<group>"; };
		B0CEE7FA25B524D7004873E7 /* Problem16Op.swift */ = {isa = PBXFileReference; lastKnownFileType = sourcecode.swift; path = Problem16Op.swift; sourceTree = "<group>"; };
		B0CEE80225B6440F004873E7 /* BigInt.swift */ = {isa = PBXFileReference; lastKnownFileType = sourcecode.swift; path = BigInt.swift; sourceTree = "<group>"; };
		B0CEE81225B64A68004873E7 /* Problem16Tests.swift */ = {isa = PBXFileReference; lastKnownFileType = sourcecode.swift; path = Problem16Tests.swift; sourceTree = "<group>"; };
		B0CEE82025B6566A004873E7 /* SyEuler.entitlements */ = {isa = PBXFileReference; lastKnownFileType = text.plist.entitlements; path = SyEuler.entitlements; sourceTree = "<group>"; };
		B0D39BE025E73E6A00057C65 /* Problem26Op.swift */ = {isa = PBXFileReference; lastKnownFileType = sourcecode.swift; path = Problem26Op.swift; sourceTree = "<group>"; };
		B0D39BE525E73E7B00057C65 /* Problem26.swift */ = {isa = PBXFileReference; fileEncoding = 4; lastKnownFileType = sourcecode.swift; path = Problem26.swift; sourceTree = "<group>"; };
		B0D3EC5325E47218000ECCE0 /* Problem25Op.swift */ = {isa = PBXFileReference; lastKnownFileType = sourcecode.swift; path = Problem25Op.swift; sourceTree = "<group>"; };
		B0D56C8825B3C6E700699F63 /* Problem14Op.swift */ = {isa = PBXFileReference; lastKnownFileType = sourcecode.swift; path = Problem14Op.swift; sourceTree = "<group>"; };
		B0D56C8D25B3C75B00699F63 /* Problem14.swift */ = {isa = PBXFileReference; lastKnownFileType = sourcecode.swift; path = Problem14.swift; sourceTree = "<group>"; };
		B0D56C9225B3CE3400699F63 /* Problem14Tests.swift */ = {isa = PBXFileReference; lastKnownFileType = sourcecode.swift; path = Problem14Tests.swift; sourceTree = "<group>"; };
		B0D56CA025B3DEEB00699F63 /* Problem15.swift */ = {isa = PBXFileReference; lastKnownFileType = sourcecode.swift; path = Problem15.swift; sourceTree = "<group>"; };
		B0D56CA525B3DEF800699F63 /* Problem15Op.swift */ = {isa = PBXFileReference; lastKnownFileType = sourcecode.swift; path = Problem15Op.swift; sourceTree = "<group>"; };
		B0D56CB025B51B5C00699F63 /* Problem15Tests.swift */ = {isa = PBXFileReference; lastKnownFileType = sourcecode.swift; path = Problem15Tests.swift; sourceTree = "<group>"; };
		B0D8F59625A37A1100129FA3 /* Problem6.swift */ = {isa = PBXFileReference; lastKnownFileType = sourcecode.swift; path = Problem6.swift; sourceTree = "<group>"; };
		B0D8F59B25A37A1C00129FA3 /* Problem6Op.swift */ = {isa = PBXFileReference; lastKnownFileType = sourcecode.swift; path = Problem6Op.swift; sourceTree = "<group>"; };
		B0D8F5A025A37E1300129FA3 /* Problem7.swift */ = {isa = PBXFileReference; lastKnownFileType = sourcecode.swift; path = Problem7.swift; sourceTree = "<group>"; };
		B0D8F5A525A37E5E00129FA3 /* Problem7Op.swift */ = {isa = PBXFileReference; lastKnownFileType = sourcecode.swift; path = Problem7Op.swift; sourceTree = "<group>"; };
		B0D8F5AA25A38FEE00129FA3 /* Problem7Tests.swift */ = {isa = PBXFileReference; lastKnownFileType = sourcecode.swift; path = Problem7Tests.swift; sourceTree = "<group>"; };
		B0D9390425AFDFC700951EDD /* Problem11.swift */ = {isa = PBXFileReference; lastKnownFileType = sourcecode.swift; path = Problem11.swift; sourceTree = "<group>"; };
		B0D9390925AFE05500951EDD /* Problem11Op.swift */ = {isa = PBXFileReference; lastKnownFileType = sourcecode.swift; path = Problem11Op.swift; sourceTree = "<group>"; };
		B0E2AED425C729AB00B33B19 /* Problem24.swift */ = {isa = PBXFileReference; lastKnownFileType = sourcecode.swift; path = Problem24.swift; sourceTree = "<group>"; };
		B0E2AED925C72A1900B33B19 /* Problem24Op.swift */ = {isa = PBXFileReference; lastKnownFileType = sourcecode.swift; path = Problem24Op.swift; sourceTree = "<group>"; };
		B0E6539325B92C04006D0D0B /* Problem20.swift */ = {isa = PBXFileReference; lastKnownFileType = sourcecode.swift; path = Problem20.swift; sourceTree = "<group>"; };
		B0E6539825B92C1A006D0D0B /* Problem20Op.swift */ = {isa = PBXFileReference; lastKnownFileType = sourcecode.swift; path = Problem20Op.swift; sourceTree = "<group>"; };
		B0E6539D25B92C23006D0D0B /* Problem20Tests.swift */ = {isa = PBXFileReference; lastKnownFileType = sourcecode.swift; path = Problem20Tests.swift; sourceTree = "<group>"; };
		B0E950C725B099D600F9B94B /* Problem11Tests.swift */ = {isa = PBXFileReference; lastKnownFileType = sourcecode.swift; path = Problem11Tests.swift; sourceTree = "<group>"; };
		B0E950D525B0B10000F9B94B /* Problem12.swift */ = {isa = PBXFileReference; lastKnownFileType = sourcecode.swift; path = Problem12.swift; sourceTree = "<group>"; };
		B0E950DA25B0B18100F9B94B /* Problem12Op.swift */ = {isa = PBXFileReference; lastKnownFileType = sourcecode.swift; path = Problem12Op.swift; sourceTree = "<group>"; };
		B0E950DF25B1383B00F9B94B /* Problem12Tests.swift */ = {isa = PBXFileReference; lastKnownFileType = sourcecode.swift; path = Problem12Tests.swift; sourceTree = "<group>"; };
		B0EDEDE025A3BF41006A3C45 /* Problem6Tests.swift */ = {isa = PBXFileReference; lastKnownFileType = sourcecode.swift; path = Problem6Tests.swift; sourceTree = "<group>"; };
		B0EDEDEE25A3CE8F006A3C45 /* Problem8.swift */ = {isa = PBXFileReference; lastKnownFileType = sourcecode.swift; path = Problem8.swift; sourceTree = "<group>"; };
		B0EDEDF325A3CEC1006A3C45 /* Problem8Op.swift */ = {isa = PBXFileReference; lastKnownFileType = sourcecode.swift; path = Problem8Op.swift; sourceTree = "<group>"; };
		B0EDEDF825A3FA7D006A3C45 /* Problem8Tests.swift */ = {isa = PBXFileReference; lastKnownFileType = sourcecode.swift; path = Problem8Tests.swift; sourceTree = "<group>"; };
		B0F4A6AD25C25A9700887805 /* Problem21.swift */ = {isa = PBXFileReference; lastKnownFileType = sourcecode.swift; path = Problem21.swift; sourceTree = "<group>"; };
		B0F4A6B225C25AA400887805 /* Problem21Op.swift */ = {isa = PBXFileReference; lastKnownFileType = sourcecode.swift; path = Problem21Op.swift; sourceTree = "<group>"; };
		B0F4A6B725C25AB400887805 /* Problem21Tests.swift */ = {isa = PBXFileReference; lastKnownFileType = sourcecode.swift; path = Problem21Tests.swift; sourceTree = "<group>"; };
/* End PBXFileReference section */

/* Begin PBXFrameworksBuildPhase section */
		B0533F9C259B84F1002B9581 /* Frameworks */ = {
			isa = PBXFrameworksBuildPhase;
			buildActionMask = 2147483647;
			files = (
			);
			runOnlyForDeploymentPostprocessing = 0;
		};
		B0533FAD259B84F3002B9581 /* Frameworks */ = {
			isa = PBXFrameworksBuildPhase;
			buildActionMask = 2147483647;
			files = (
			);
			runOnlyForDeploymentPostprocessing = 0;
		};
		B0533FB8259B84F3002B9581 /* Frameworks */ = {
			isa = PBXFrameworksBuildPhase;
			buildActionMask = 2147483647;
			files = (
			);
			runOnlyForDeploymentPostprocessing = 0;
		};
/* End PBXFrameworksBuildPhase section */

/* Begin PBXGroup section */
		B0533F96259B84F1002B9581 = {
			isa = PBXGroup;
			children = (
				B05C5591259D5EAC0077BEC2 /* LICENSE */,
				B05C5589259D5D7C0077BEC2 /* README.md */,
				B0533FA1259B84F1002B9581 /* SyEuler */,
				B0533FB3259B84F3002B9581 /* SyEulerTests */,
				B0533FBE259B84F3002B9581 /* SyEulerUITests */,
				B0533FA0259B84F1002B9581 /* Products */,
			);
			sourceTree = "<group>";
		};
		B0533FA0259B84F1002B9581 /* Products */ = {
			isa = PBXGroup;
			children = (
				B0533F9F259B84F1002B9581 /* SyEuler.app */,
				B0533FB0259B84F3002B9581 /* SyEulerTests.xctest */,
				B0533FBB259B84F3002B9581 /* SyEulerUITests.xctest */,
			);
			name = Products;
			sourceTree = "<group>";
		};
		B0533FA1259B84F1002B9581 /* SyEuler */ = {
			isa = PBXGroup;
			children = (
				B0CEE82025B6566A004873E7 /* SyEuler.entitlements */,
				B07BBC86259B97D900A8DE25 /* Extensions */,
				B0533FD3259B8520002B9581 /* Problems */,
				B0534003259B87E1002B9581 /* Supporting */,
				B0534004259B8801002B9581 /* Views */,
			);
			path = SyEuler;
			sourceTree = "<group>";
		};
		B0533FA8259B84F3002B9581 /* Preview Content */ = {
			isa = PBXGroup;
			children = (
				B0533FA9259B84F3002B9581 /* Preview Assets.xcassets */,
			);
			path = "Preview Content";
			sourceTree = "<group>";
		};
		B0533FB3259B84F3002B9581 /* SyEulerTests */ = {
			isa = PBXGroup;
			children = (
				B0533FB6259B84F3002B9581 /* Info.plist */,
				B0533FE6259B863C002B9581 /* Problem1Tests.swift */,
				B07BBCE2259BE36500A8DE25 /* Problem2Tests.swift */,
				B05C55A4259E18920077BEC2 /* Problem3Tests.swift */,
				B05C55C9259FE7D00077BEC2 /* Problem4Tests.swift */,
				B09542B125A23F8000007D5F /* Problem5Tests.swift */,
				B0EDEDE025A3BF41006A3C45 /* Problem6Tests.swift */,
				B0D8F5AA25A38FEE00129FA3 /* Problem7Tests.swift */,
				B0EDEDF825A3FA7D006A3C45 /* Problem8Tests.swift */,
				B0C5F28925A6188B00040156 /* Problem9Tests.swift */,
				B0C5F29825A627E400040156 /* Problem10Tests.swift */,
				B0E950C725B099D600F9B94B /* Problem11Tests.swift */,
				B0E950DF25B1383B00F9B94B /* Problem12Tests.swift */,
				B066C32E25B3ADC30033D470 /* Problem13Tests.swift */,
				B0D56C9225B3CE3400699F63 /* Problem14Tests.swift */,
				B0D56CB025B51B5C00699F63 /* Problem15Tests.swift */,
				B0CEE81225B64A68004873E7 /* Problem16Tests.swift */,
				B08BEE8325B67DEA00EB59C5 /* Problem17Tests.swift */,
				B0C58B6A25B88A6300AE97DA /* Problem18Tests.swift */,
				B0C58B8225B9109000AE97DA /* Problem19Tests.swift */,
				B0E6539D25B92C23006D0D0B /* Problem20Tests.swift */,
				B0F4A6B725C25AB400887805 /* Problem21Tests.swift */,
				B04417ED25C5DB26007AC901 /* Problem22Tests.swift */,
				B044180225C71A1A007AC901 /* Problem23Tests.swift */,
				B07362F225E4135E001F65B6 /* Problem24Tests.swift */,
				B08D552C25E4AEE80028C397 /* Problem25Tests.swift */,
				B0971A4225FEBA3200A105F7 /* Problem26Tests.swift */,
				B0533FB4259B84F3002B9581 /* SyEulerTests.swift */,
			);
			path = SyEulerTests;
			sourceTree = "<group>";
		};
		B0533FBE259B84F3002B9581 /* SyEulerUITests */ = {
			isa = PBXGroup;
			children = (
				B0533FC1259B84F3002B9581 /* Info.plist */,
				B0533FBF259B84F3002B9581 /* SyEulerUITests.swift */,
			);
			path = SyEulerUITests;
			sourceTree = "<group>";
		};
		B0533FD3259B8520002B9581 /* Problems */ = {
			isa = PBXGroup;
			children = (
				B07BBD36259D212700A8DE25 /* Helpers */,
				B07BBD26259D20D100A8DE25 /* Problem1Op.swift */,
				B07BBD2E259D20F900A8DE25 /* Problem2Op.swift */,
				B05C5584259D388E0077BEC2 /* Problem3Op.swift */,
				B05C55BC259F6BE20077BEC2 /* Problem4Op.swift */,
				B095429C25A20D7200007D5F /* Problem5Op.swift */,
				B0D8F59B25A37A1C00129FA3 /* Problem6Op.swift */,
				B0D8F5A525A37E5E00129FA3 /* Problem7Op.swift */,
				B0EDEDF325A3CEC1006A3C45 /* Problem8Op.swift */,
				B0C5F28425A4120900040156 /* Problem9Op.swift */,
				B0C5F29325A61F3B00040156 /* Problem10Op.swift */,
				B0D9390925AFE05500951EDD /* Problem11Op.swift */,
				B0E950DA25B0B18100F9B94B /* Problem12Op.swift */,
				B066C32925B34C120033D470 /* Problem13Op.swift */,
				B0D56C8825B3C6E700699F63 /* Problem14Op.swift */,
				B0D56CA525B3DEF800699F63 /* Problem15Op.swift */,
				B0CEE7FA25B524D7004873E7 /* Problem16Op.swift */,
				B08BEE7E25B67DD600EB59C5 /* Problem17Op.swift */,
				B0C58B6525B88A5A00AE97DA /* Problem18Op.swift */,
				B0C58B7D25B9107C00AE97DA /* Problem19Op.swift */,
				B0E6539825B92C1A006D0D0B /* Problem20Op.swift */,
				B0F4A6B225C25AA400887805 /* Problem21Op.swift */,
				B04417DD25C59974007AC901 /* Problem22Op.swift */,
				B04417FD25C631C5007AC901 /* Problem23Op.swift */,
				B0E2AED925C72A1900B33B19 /* Problem24Op.swift */,
				B0D3EC5325E47218000ECCE0 /* Problem25Op.swift */,
				B0D39BE025E73E6A00057C65 /* Problem26Op.swift */,
				B0971A7D26005AA000A105F7 /* Problem27Op.swift */,
			);
			path = Problems;
			sourceTree = "<group>";
		};
		B0534003259B87E1002B9581 /* Supporting */ = {
			isa = PBXGroup;
			children = (
				B0533FA6259B84F3002B9581 /* Assets.xcassets */,
				B0CEE80225B6440F004873E7 /* BigInt.swift */,
				B0533FAB259B84F3002B9581 /* Info.plist */,
				B07BBCF5259C0C7E00A8DE25 /* Launch Screen.storyboard */,
				B0533FFB259B87B1002B9581 /* Logger.swift */,
				B09542B925A2AE7200007D5F /* Playground.playground */,
				B0533FA8259B84F3002B9581 /* Preview Content */,
				B0533FA2259B84F1002B9581 /* SyEulerApp.swift */,
			);
			path = Supporting;
			sourceTree = "<group>";
		};
		B0534004259B8801002B9581 /* Views */ = {
			isa = PBXGroup;
			children = (
				B07BBCF4259C0C2700A8DE25 /* Common */,
				B07BBCBE259BC75700A8DE25 /* Problems */,
			);
			path = Views;
			sourceTree = "<group>";
		};
		B07BBC86259B97D900A8DE25 /* Extensions */ = {
			isa = PBXGroup;
			children = (
				B05C55AC259E25FF0077BEC2 /* BundleExtension.swift */,
				B07BBD13259C3D3200A8DE25 /* DoubleExtension.swift */,
				B05C55C1259FB1410077BEC2 /* IntExtension.swift */,
				B07BBC87259B981200A8DE25 /* UIColorExtension.swift */,
			);
			path = Extensions;
			sourceTree = "<group>";
		};
		B07BBCBE259BC75700A8DE25 /* Problems */ = {
			isa = PBXGroup;
			children = (
				B07BBC9B259BB49800A8DE25 /* ProblemCompletedOn.swift */,
				B07BBC8E259B9F9200A8DE25 /* ProblemDetail.swift */,
				B0533FA4259B84F1002B9581 /* ProblemList.swift */,
				B07BBC78259B92E000A8DE25 /* ProblemRow.swift */,
				B07BBCA0259BB5E300A8DE25 /* ProblemStartedOn.swift */,
				B07BBCC2259BC76B00A8DE25 /* ProblemTitle.swift */,
			);
			path = Problems;
			sourceTree = "<group>";
		};
		B07BBCF4259C0C2700A8DE25 /* Common */ = {
			isa = PBXGroup;
			children = (
				B05C5596259D618E0077BEC2 /* CapsuleButton.swift */,
				B07BBC96259BA17F00A8DE25 /* GeneralInfo.swift */,
				B07BBD0E259C234300A8DE25 /* GoButton.swift */,
				B07BBCB9259BC5B600A8DE25 /* Safari.swift */,
			);
			path = Common;
			sourceTree = "<group>";
		};
		B07BBD36259D212700A8DE25 /* Helpers */ = {
			isa = PBXGroup;
			children = (
				B0533FF5259B87A2002B9581 /* Problem.swift */,
				B0533FF4259B87A2002B9581 /* Problem1.swift */,
				B07BBC70259B8F8200A8DE25 /* Problem2.swift */,
				B07BBD06259C163E00A8DE25 /* Problem3.swift */,
				B05C55B7259F6AF70077BEC2 /* Problem4.swift */,
				B095429725A20CFD00007D5F /* Problem5.swift */,
				B0D8F59625A37A1100129FA3 /* Problem6.swift */,
				B0D8F5A025A37E1300129FA3 /* Problem7.swift */,
				B0EDEDEE25A3CE8F006A3C45 /* Problem8.swift */,
				B0C5F27F25A4120100040156 /* Problem9.swift */,
				B0C5F28E25A61EBA00040156 /* Problem10.swift */,
				B0D9390425AFDFC700951EDD /* Problem11.swift */,
				B0E950D525B0B10000F9B94B /* Problem12.swift */,
				B066C32425B34ADB0033D470 /* Problem13.swift */,
				B0D56C8D25B3C75B00699F63 /* Problem14.swift */,
				B0D56CA025B3DEEB00699F63 /* Problem15.swift */,
				B0CEE7F525B5245E004873E7 /* Problem16.swift */,
				B08BEE7925B67DCE00EB59C5 /* Problem17.swift */,
				B0C58B6025B88A4F00AE97DA /* Problem18.swift */,
				B0C58B7825B9107100AE97DA /* Problem19.swift */,
				B0E6539325B92C04006D0D0B /* Problem20.swift */,
				B0F4A6AD25C25A9700887805 /* Problem21.swift */,
				B04417D825C5983C007AC901 /* Problem22.swift */,
				B04417E225C59B81007AC901 /* Problem22Names.txt */,
				B04417F825C6143E007AC901 /* Problem23.swift */,
				B0E2AED425C729AB00B33B19 /* Problem24.swift */,
				B08905BF25E47049005F4B61 /* Problem25.swift */,
				B0D39BE525E73E7B00057C65 /* Problem26.swift */,
				B0971A78260059F800A105F7 /* Problem27.swift */,
			);
			path = Helpers;
			sourceTree = "<group>";
		};
/* End PBXGroup section */

/* Begin PBXNativeTarget section */
		B0533F9E259B84F1002B9581 /* SyEuler */ = {
			isa = PBXNativeTarget;
			buildConfigurationList = B0533FC4259B84F3002B9581 /* Build configuration list for PBXNativeTarget "SyEuler" */;
			buildPhases = (
				B0533F9B259B84F1002B9581 /* Sources */,
				B0533F9C259B84F1002B9581 /* Frameworks */,
				B0533F9D259B84F1002B9581 /* Resources */,
			);
			buildRules = (
			);
			dependencies = (
			);
			name = SyEuler;
			productName = SyEuler;
			productReference = B0533F9F259B84F1002B9581 /* SyEuler.app */;
			productType = "com.apple.product-type.application";
		};
		B0533FAF259B84F3002B9581 /* SyEulerTests */ = {
			isa = PBXNativeTarget;
			buildConfigurationList = B0533FC7259B84F3002B9581 /* Build configuration list for PBXNativeTarget "SyEulerTests" */;
			buildPhases = (
				B0533FAC259B84F3002B9581 /* Sources */,
				B0533FAD259B84F3002B9581 /* Frameworks */,
				B0533FAE259B84F3002B9581 /* Resources */,
			);
			buildRules = (
			);
			dependencies = (
				B0533FB2259B84F3002B9581 /* PBXTargetDependency */,
			);
			name = SyEulerTests;
			productName = SyEulerTests;
			productReference = B0533FB0259B84F3002B9581 /* SyEulerTests.xctest */;
			productType = "com.apple.product-type.bundle.unit-test";
		};
		B0533FBA259B84F3002B9581 /* SyEulerUITests */ = {
			isa = PBXNativeTarget;
			buildConfigurationList = B0533FCA259B84F3002B9581 /* Build configuration list for PBXNativeTarget "SyEulerUITests" */;
			buildPhases = (
				B0533FB7259B84F3002B9581 /* Sources */,
				B0533FB8259B84F3002B9581 /* Frameworks */,
				B0533FB9259B84F3002B9581 /* Resources */,
			);
			buildRules = (
			);
			dependencies = (
				B0533FBD259B84F3002B9581 /* PBXTargetDependency */,
			);
			name = SyEulerUITests;
			productName = SyEulerUITests;
			productReference = B0533FBB259B84F3002B9581 /* SyEulerUITests.xctest */;
			productType = "com.apple.product-type.bundle.ui-testing";
		};
/* End PBXNativeTarget section */

/* Begin PBXProject section */
		B0533F97259B84F1002B9581 /* Project object */ = {
			isa = PBXProject;
			attributes = {
				LastSwiftUpdateCheck = 1230;
				LastUpgradeCheck = 1230;
				TargetAttributes = {
					B0533F9E259B84F1002B9581 = {
						CreatedOnToolsVersion = 12.3;
					};
					B0533FAF259B84F3002B9581 = {
						CreatedOnToolsVersion = 12.3;
						TestTargetID = B0533F9E259B84F1002B9581;
					};
					B0533FBA259B84F3002B9581 = {
						CreatedOnToolsVersion = 12.3;
						TestTargetID = B0533F9E259B84F1002B9581;
					};
				};
			};
			buildConfigurationList = B0533F9A259B84F1002B9581 /* Build configuration list for PBXProject "SyEuler" */;
			compatibilityVersion = "Xcode 9.3";
			developmentRegion = en;
			hasScannedForEncodings = 0;
			knownRegions = (
				en,
				Base,
			);
			mainGroup = B0533F96259B84F1002B9581;
			productRefGroup = B0533FA0259B84F1002B9581 /* Products */;
			projectDirPath = "";
			projectRoot = "";
			targets = (
				B0533F9E259B84F1002B9581 /* SyEuler */,
				B0533FAF259B84F3002B9581 /* SyEulerTests */,
				B0533FBA259B84F3002B9581 /* SyEulerUITests */,
			);
		};
/* End PBXProject section */

/* Begin PBXResourcesBuildPhase section */
		B0533F9D259B84F1002B9581 /* Resources */ = {
			isa = PBXResourcesBuildPhase;
			buildActionMask = 2147483647;
			files = (
				B07BBCF6259C0C7E00A8DE25 /* Launch Screen.storyboard in Resources */,
				B0533FAA259B84F3002B9581 /* Preview Assets.xcassets in Resources */,
				B05C558A259D5D7C0077BEC2 /* README.md in Resources */,
				B04417E325C59B81007AC901 /* Problem22Names.txt in Resources */,
				B0533FA7259B84F3002B9581 /* Assets.xcassets in Resources */,
				B05C5592259D5EAC0077BEC2 /* LICENSE in Resources */,
			);
			runOnlyForDeploymentPostprocessing = 0;
		};
		B0533FAE259B84F3002B9581 /* Resources */ = {
			isa = PBXResourcesBuildPhase;
			buildActionMask = 2147483647;
			files = (
			);
			runOnlyForDeploymentPostprocessing = 0;
		};
		B0533FB9259B84F3002B9581 /* Resources */ = {
			isa = PBXResourcesBuildPhase;
			buildActionMask = 2147483647;
			files = (
			);
			runOnlyForDeploymentPostprocessing = 0;
		};
/* End PBXResourcesBuildPhase section */

/* Begin PBXSourcesBuildPhase section */
		B0533F9B259B84F1002B9581 /* Sources */ = {
			isa = PBXSourcesBuildPhase;
			buildActionMask = 2147483647;
			files = (
				B07BBCC3259BC76B00A8DE25 /* ProblemTitle.swift in Sources */,
				B07BBD27259D20D100A8DE25 /* Problem1Op.swift in Sources */,
				B0533FF6259B87A2002B9581 /* Problem1.swift in Sources */,
				B0C5F28025A4120100040156 /* Problem9.swift in Sources */,
				B05C55C2259FB1410077BEC2 /* IntExtension.swift in Sources */,
				B04417D925C5983C007AC901 /* Problem22.swift in Sources */,
				B0533FFC259B87B1002B9581 /* Logger.swift in Sources */,
				B0E2AED525C729AB00B33B19 /* Problem24.swift in Sources */,
				B0C58B7E25B9107C00AE97DA /* Problem19Op.swift in Sources */,
				B07BBD2F259D20F900A8DE25 /* Problem2Op.swift in Sources */,
				B0C58B6625B88A5A00AE97DA /* Problem18Op.swift in Sources */,
				B0C5F28525A4120900040156 /* Problem9Op.swift in Sources */,
				B0533FF7259B87A2002B9581 /* Problem.swift in Sources */,
				B07BBC88259B981200A8DE25 /* UIColorExtension.swift in Sources */,
				B04417F925C6143E007AC901 /* Problem23.swift in Sources */,
				B0D3EC5425E47218000ECCE0 /* Problem25Op.swift in Sources */,
				B0E6539925B92C1A006D0D0B /* Problem20Op.swift in Sources */,
				B05C5597259D618E0077BEC2 /* CapsuleButton.swift in Sources */,
				B0D9390A25AFE05500951EDD /* Problem11Op.swift in Sources */,
				B07BBC79259B92E000A8DE25 /* ProblemRow.swift in Sources */,
				B07BBC8F259B9F9200A8DE25 /* ProblemDetail.swift in Sources */,
				B0D8F59C25A37A1C00129FA3 /* Problem6Op.swift in Sources */,
				B07BBCA1259BB5E300A8DE25 /* ProblemStartedOn.swift in Sources */,
				B0D9390525AFDFC800951EDD /* Problem11.swift in Sources */,
				B07BBC97259BA17F00A8DE25 /* GeneralInfo.swift in Sources */,
				B0C5F28F25A61EBA00040156 /* Problem10.swift in Sources */,
				B0D39BE125E73E6A00057C65 /* Problem26Op.swift in Sources */,
				B07BBC71259B8F8200A8DE25 /* Problem2.swift in Sources */,
				B0533FA5259B84F1002B9581 /* ProblemList.swift in Sources */,
				B0C58B7925B9107100AE97DA /* Problem19.swift in Sources */,
				B066C32A25B34C120033D470 /* Problem13Op.swift in Sources */,
				B07BBD07259C163E00A8DE25 /* Problem3.swift in Sources */,
				B0D8F59725A37A1100129FA3 /* Problem6.swift in Sources */,
				B0971A79260059F800A105F7 /* Problem27.swift in Sources */,
				B08905C025E47049005F4B61 /* Problem25.swift in Sources */,
				B0EDEDEF25A3CE8F006A3C45 /* Problem8.swift in Sources */,
				B0E2AEDA25C72A1900B33B19 /* Problem24Op.swift in Sources */,
				B0D56C8925B3C6E700699F63 /* Problem14Op.swift in Sources */,
				B05C5585259D388E0077BEC2 /* Problem3Op.swift in Sources */,
				B04417FE25C631C5007AC901 /* Problem23Op.swift in Sources */,
				B0D56CA125B3DEEB00699F63 /* Problem15.swift in Sources */,
				B08BEE7A25B67DCE00EB59C5 /* Problem17.swift in Sources */,
				B095429825A20CFD00007D5F /* Problem5.swift in Sources */,
				B0EDEDF425A3CEC1006A3C45 /* Problem8Op.swift in Sources */,
				B0D39BE625E73E7B00057C65 /* Problem26.swift in Sources */,
				B0971A7E26005AA000A105F7 /* Problem27Op.swift in Sources */,
				B0D56C8E25B3C75B00699F63 /* Problem14.swift in Sources */,
				B066C32525B34ADB0033D470 /* Problem13.swift in Sources */,
				B07BBD0F259C234300A8DE25 /* GoButton.swift in Sources */,
				B0E950DB25B0B18100F9B94B /* Problem12Op.swift in Sources */,
				B0F4A6B325C25AA400887805 /* Problem21Op.swift in Sources */,
				B0CEE80325B6440F004873E7 /* BigInt.swift in Sources */,
				B0CEE7F625B5245E004873E7 /* Problem16.swift in Sources */,
				B0D8F5A125A37E1300129FA3 /* Problem7.swift in Sources */,
				B0CEE7FB25B524D7004873E7 /* Problem16Op.swift in Sources */,
				B07BBC9C259BB49800A8DE25 /* ProblemCompletedOn.swift in Sources */,
				B0F4A6AE25C25A9700887805 /* Problem21.swift in Sources */,
				B05C55B8259F6AF70077BEC2 /* Problem4.swift in Sources */,
				B07BBD14259C3D3200A8DE25 /* DoubleExtension.swift in Sources */,
				B095429D25A20D7200007D5F /* Problem5Op.swift in Sources */,
				B0533FA3259B84F1002B9581 /* SyEulerApp.swift in Sources */,
				B0E6539425B92C04006D0D0B /* Problem20.swift in Sources */,
				B08BEE7F25B67DD600EB59C5 /* Problem17Op.swift in Sources */,
				B0D8F5A625A37E5E00129FA3 /* Problem7Op.swift in Sources */,
				B07BBCBA259BC5B600A8DE25 /* Safari.swift in Sources */,
				B0C5F29425A61F3B00040156 /* Problem10Op.swift in Sources */,
				B05C55AD259E25FF0077BEC2 /* BundleExtension.swift in Sources */,
				B0E950D625B0B10000F9B94B /* Problem12.swift in Sources */,
				B0D56CA625B3DEF800699F63 /* Problem15Op.swift in Sources */,
				B05C55BD259F6BE20077BEC2 /* Problem4Op.swift in Sources */,
				B04417DE25C59974007AC901 /* Problem22Op.swift in Sources */,
				B0C58B6125B88A4F00AE97DA /* Problem18.swift in Sources */,
			);
			runOnlyForDeploymentPostprocessing = 0;
		};
		B0533FAC259B84F3002B9581 /* Sources */ = {
			isa = PBXSourcesBuildPhase;
			buildActionMask = 2147483647;
			files = (
				B044180325C71A1A007AC901 /* Problem23Tests.swift in Sources */,
				B0EDEDE125A3BF41006A3C45 /* Problem6Tests.swift in Sources */,
				B08BEE8425B67DEA00EB59C5 /* Problem17Tests.swift in Sources */,
				B0533FE7259B863C002B9581 /* Problem1Tests.swift in Sources */,
				B04417EE25C5DB26007AC901 /* Problem22Tests.swift in Sources */,
				B0D8F5AB25A38FEE00129FA3 /* Problem7Tests.swift in Sources */,
				B0EDEDF925A3FA7D006A3C45 /* Problem8Tests.swift in Sources */,
				B0C5F29925A627E400040156 /* Problem10Tests.swift in Sources */,
				B0E950C825B099D600F9B94B /* Problem11Tests.swift in Sources */,
				B07362F325E4135E001F65B6 /* Problem24Tests.swift in Sources */,
				B05C55A5259E18920077BEC2 /* Problem3Tests.swift in Sources */,
				B0D56C9325B3CE3400699F63 /* Problem14Tests.swift in Sources */,
				B0E6539E25B92C23006D0D0B /* Problem20Tests.swift in Sources */,
				B0C58B6B25B88A6300AE97DA /* Problem18Tests.swift in Sources */,
				B0E950E025B1383B00F9B94B /* Problem12Tests.swift in Sources */,
				B0D56CB125B51B5C00699F63 /* Problem15Tests.swift in Sources */,
				B08D552D25E4AEE80028C397 /* Problem25Tests.swift in Sources */,
				B066C32F25B3ADC30033D470 /* Problem13Tests.swift in Sources */,
				B0F4A6B825C25AB400887805 /* Problem21Tests.swift in Sources */,
				B0CEE81325B64A68004873E7 /* Problem16Tests.swift in Sources */,
				B0C5F28A25A6188C00040156 /* Problem9Tests.swift in Sources */,
				B07BBCE3259BE36500A8DE25 /* Problem2Tests.swift in Sources */,
				B09542B225A23F8000007D5F /* Problem5Tests.swift in Sources */,
				B0C58B8325B9109000AE97DA /* Problem19Tests.swift in Sources */,
				B0971A4325FEBA3200A105F7 /* Problem26Tests.swift in Sources */,
				B05C55CA259FE7D00077BEC2 /* Problem4Tests.swift in Sources */,
				B0533FB5259B84F3002B9581 /* SyEulerTests.swift in Sources */,
			);
			runOnlyForDeploymentPostprocessing = 0;
		};
		B0533FB7259B84F3002B9581 /* Sources */ = {
			isa = PBXSourcesBuildPhase;
			buildActionMask = 2147483647;
			files = (
				B0533FC0259B84F3002B9581 /* SyEulerUITests.swift in Sources */,
			);
			runOnlyForDeploymentPostprocessing = 0;
		};
/* End PBXSourcesBuildPhase section */

/* Begin PBXTargetDependency section */
		B0533FB2259B84F3002B9581 /* PBXTargetDependency */ = {
			isa = PBXTargetDependency;
			target = B0533F9E259B84F1002B9581 /* SyEuler */;
			targetProxy = B0533FB1259B84F3002B9581 /* PBXContainerItemProxy */;
		};
		B0533FBD259B84F3002B9581 /* PBXTargetDependency */ = {
			isa = PBXTargetDependency;
			target = B0533F9E259B84F1002B9581 /* SyEuler */;
			targetProxy = B0533FBC259B84F3002B9581 /* PBXContainerItemProxy */;
		};
/* End PBXTargetDependency section */

/* Begin XCBuildConfiguration section */
		B0533FC2259B84F3002B9581 /* Debug */ = {
			isa = XCBuildConfiguration;
			buildSettings = {
				ALWAYS_SEARCH_USER_PATHS = NO;
				CLANG_ANALYZER_NONNULL = YES;
				CLANG_ANALYZER_NUMBER_OBJECT_CONVERSION = YES_AGGRESSIVE;
				CLANG_CXX_LANGUAGE_STANDARD = "gnu++14";
				CLANG_CXX_LIBRARY = "libc++";
				CLANG_ENABLE_MODULES = YES;
				CLANG_ENABLE_OBJC_ARC = YES;
				CLANG_ENABLE_OBJC_WEAK = YES;
				CLANG_WARN_BLOCK_CAPTURE_AUTORELEASING = YES;
				CLANG_WARN_BOOL_CONVERSION = YES;
				CLANG_WARN_COMMA = YES;
				CLANG_WARN_CONSTANT_CONVERSION = YES;
				CLANG_WARN_DEPRECATED_OBJC_IMPLEMENTATIONS = YES;
				CLANG_WARN_DIRECT_OBJC_ISA_USAGE = YES_ERROR;
				CLANG_WARN_DOCUMENTATION_COMMENTS = YES;
				CLANG_WARN_EMPTY_BODY = YES;
				CLANG_WARN_ENUM_CONVERSION = YES;
				CLANG_WARN_INFINITE_RECURSION = YES;
				CLANG_WARN_INT_CONVERSION = YES;
				CLANG_WARN_NON_LITERAL_NULL_CONVERSION = YES;
				CLANG_WARN_OBJC_IMPLICIT_RETAIN_SELF = YES;
				CLANG_WARN_OBJC_LITERAL_CONVERSION = YES;
				CLANG_WARN_OBJC_ROOT_CLASS = YES_ERROR;
				CLANG_WARN_QUOTED_INCLUDE_IN_FRAMEWORK_HEADER = YES;
				CLANG_WARN_RANGE_LOOP_ANALYSIS = YES;
				CLANG_WARN_STRICT_PROTOTYPES = YES;
				CLANG_WARN_SUSPICIOUS_MOVE = YES;
				CLANG_WARN_UNGUARDED_AVAILABILITY = YES_AGGRESSIVE;
				CLANG_WARN_UNREACHABLE_CODE = YES;
				CLANG_WARN__DUPLICATE_METHOD_MATCH = YES;
				COPY_PHASE_STRIP = NO;
				DEBUG_INFORMATION_FORMAT = dwarf;
				ENABLE_STRICT_OBJC_MSGSEND = YES;
				ENABLE_TESTABILITY = YES;
				GCC_C_LANGUAGE_STANDARD = gnu11;
				GCC_DYNAMIC_NO_PIC = NO;
				GCC_NO_COMMON_BLOCKS = YES;
				GCC_OPTIMIZATION_LEVEL = 0;
				GCC_PREPROCESSOR_DEFINITIONS = (
					"DEBUG=1",
					"$(inherited)",
				);
				GCC_WARN_64_TO_32_BIT_CONVERSION = YES;
				GCC_WARN_ABOUT_RETURN_TYPE = YES_ERROR;
				GCC_WARN_UNDECLARED_SELECTOR = YES;
				GCC_WARN_UNINITIALIZED_AUTOS = YES_AGGRESSIVE;
				GCC_WARN_UNUSED_FUNCTION = YES;
				GCC_WARN_UNUSED_VARIABLE = YES;
				IPHONEOS_DEPLOYMENT_TARGET = 14.0;
				MTL_ENABLE_DEBUG_INFO = INCLUDE_SOURCE;
				MTL_FAST_MATH = YES;
				ONLY_ACTIVE_ARCH = YES;
				SDKROOT = iphoneos;
				SWIFT_ACTIVE_COMPILATION_CONDITIONS = DEBUG;
				SWIFT_OPTIMIZATION_LEVEL = "-Onone";
			};
			name = Debug;
		};
		B0533FC3259B84F3002B9581 /* Release */ = {
			isa = XCBuildConfiguration;
			buildSettings = {
				ALWAYS_SEARCH_USER_PATHS = NO;
				CLANG_ANALYZER_NONNULL = YES;
				CLANG_ANALYZER_NUMBER_OBJECT_CONVERSION = YES_AGGRESSIVE;
				CLANG_CXX_LANGUAGE_STANDARD = "gnu++14";
				CLANG_CXX_LIBRARY = "libc++";
				CLANG_ENABLE_MODULES = YES;
				CLANG_ENABLE_OBJC_ARC = YES;
				CLANG_ENABLE_OBJC_WEAK = YES;
				CLANG_WARN_BLOCK_CAPTURE_AUTORELEASING = YES;
				CLANG_WARN_BOOL_CONVERSION = YES;
				CLANG_WARN_COMMA = YES;
				CLANG_WARN_CONSTANT_CONVERSION = YES;
				CLANG_WARN_DEPRECATED_OBJC_IMPLEMENTATIONS = YES;
				CLANG_WARN_DIRECT_OBJC_ISA_USAGE = YES_ERROR;
				CLANG_WARN_DOCUMENTATION_COMMENTS = YES;
				CLANG_WARN_EMPTY_BODY = YES;
				CLANG_WARN_ENUM_CONVERSION = YES;
				CLANG_WARN_INFINITE_RECURSION = YES;
				CLANG_WARN_INT_CONVERSION = YES;
				CLANG_WARN_NON_LITERAL_NULL_CONVERSION = YES;
				CLANG_WARN_OBJC_IMPLICIT_RETAIN_SELF = YES;
				CLANG_WARN_OBJC_LITERAL_CONVERSION = YES;
				CLANG_WARN_OBJC_ROOT_CLASS = YES_ERROR;
				CLANG_WARN_QUOTED_INCLUDE_IN_FRAMEWORK_HEADER = YES;
				CLANG_WARN_RANGE_LOOP_ANALYSIS = YES;
				CLANG_WARN_STRICT_PROTOTYPES = YES;
				CLANG_WARN_SUSPICIOUS_MOVE = YES;
				CLANG_WARN_UNGUARDED_AVAILABILITY = YES_AGGRESSIVE;
				CLANG_WARN_UNREACHABLE_CODE = YES;
				CLANG_WARN__DUPLICATE_METHOD_MATCH = YES;
				COPY_PHASE_STRIP = NO;
				DEBUG_INFORMATION_FORMAT = "dwarf-with-dsym";
				ENABLE_NS_ASSERTIONS = NO;
				ENABLE_STRICT_OBJC_MSGSEND = YES;
				GCC_C_LANGUAGE_STANDARD = gnu11;
				GCC_NO_COMMON_BLOCKS = YES;
				GCC_WARN_64_TO_32_BIT_CONVERSION = YES;
				GCC_WARN_ABOUT_RETURN_TYPE = YES_ERROR;
				GCC_WARN_UNDECLARED_SELECTOR = YES;
				GCC_WARN_UNINITIALIZED_AUTOS = YES_AGGRESSIVE;
				GCC_WARN_UNUSED_FUNCTION = YES;
				GCC_WARN_UNUSED_VARIABLE = YES;
				IPHONEOS_DEPLOYMENT_TARGET = 14.0;
				MTL_ENABLE_DEBUG_INFO = NO;
				MTL_FAST_MATH = YES;
				SDKROOT = iphoneos;
				SWIFT_COMPILATION_MODE = wholemodule;
				SWIFT_OPTIMIZATION_LEVEL = "-O";
				VALIDATE_PRODUCT = YES;
			};
			name = Release;
		};
		B0533FC5259B84F3002B9581 /* Debug */ = {
			isa = XCBuildConfiguration;
			buildSettings = {
				ASSETCATALOG_COMPILER_APPICON_NAME = AppIcon;
				ASSETCATALOG_COMPILER_GLOBAL_ACCENT_COLOR_NAME = AccentColor;
				CODE_SIGN_ENTITLEMENTS = SyEuler/SyEuler.entitlements;
				CODE_SIGN_STYLE = Automatic;
				CURRENT_PROJECT_VERSION = 1;
				DEVELOPMENT_ASSET_PATHS = "\"SyEuler/Supporting/Preview Content\"";
				DEVELOPMENT_TEAM = PXZ9H8P4AQ;
				ENABLE_PREVIEWS = YES;
				INFOPLIST_FILE = SyEuler/Supporting/Info.plist;
				IPHONEOS_DEPLOYMENT_TARGET = 14.0;
				LD_RUNPATH_SEARCH_PATHS = (
					"$(inherited)",
					"@executable_path/Frameworks",
				);
				MARKETING_VERSION = 1.27;
				PRODUCT_BUNDLE_IDENTIFIER = com.syzygysoftwerksllc.SyEuler;
				PRODUCT_NAME = "$(TARGET_NAME)";
				SUPPORTS_MACCATALYST = YES;
				SWIFT_VERSION = 5.0;
				TARGETED_DEVICE_FAMILY = "1,2";
			};
			name = Debug;
		};
		B0533FC6259B84F3002B9581 /* Release */ = {
			isa = XCBuildConfiguration;
			buildSettings = {
				ASSETCATALOG_COMPILER_APPICON_NAME = AppIcon;
				ASSETCATALOG_COMPILER_GLOBAL_ACCENT_COLOR_NAME = AccentColor;
				CODE_SIGN_ENTITLEMENTS = SyEuler/SyEuler.entitlements;
				CODE_SIGN_STYLE = Automatic;
				CURRENT_PROJECT_VERSION = 1;
				DEVELOPMENT_ASSET_PATHS = "\"SyEuler/Supporting/Preview Content\"";
				DEVELOPMENT_TEAM = PXZ9H8P4AQ;
				ENABLE_PREVIEWS = YES;
				INFOPLIST_FILE = SyEuler/Supporting/Info.plist;
				IPHONEOS_DEPLOYMENT_TARGET = 14.0;
				LD_RUNPATH_SEARCH_PATHS = (
					"$(inherited)",
					"@executable_path/Frameworks",
				);
				MARKETING_VERSION = 1.27;
				PRODUCT_BUNDLE_IDENTIFIER = com.syzygysoftwerksllc.SyEuler;
				PRODUCT_NAME = "$(TARGET_NAME)";
				SUPPORTS_MACCATALYST = YES;
				SWIFT_VERSION = 5.0;
				TARGETED_DEVICE_FAMILY = "1,2";
			};
			name = Release;
		};
		B0533FC8259B84F3002B9581 /* Debug */ = {
			isa = XCBuildConfiguration;
			buildSettings = {
				ALWAYS_EMBED_SWIFT_STANDARD_LIBRARIES = YES;
				BUNDLE_LOADER = "$(TEST_HOST)";
				CODE_SIGN_STYLE = Automatic;
				DEVELOPMENT_TEAM = PXZ9H8P4AQ;
				INFOPLIST_FILE = SyEulerTests/Info.plist;
				IPHONEOS_DEPLOYMENT_TARGET = 14.0;
				LD_RUNPATH_SEARCH_PATHS = (
					"$(inherited)",
					"@executable_path/Frameworks",
					"@loader_path/Frameworks",
				);
				PRODUCT_BUNDLE_IDENTIFIER = com.syzygysoftwerksllc.SyEulerTests;
				PRODUCT_NAME = "$(TARGET_NAME)";
				SWIFT_VERSION = 5.0;
				TARGETED_DEVICE_FAMILY = "1,2";
				TEST_HOST = "$(BUILT_PRODUCTS_DIR)/SyEuler.app/SyEuler";
			};
			name = Debug;
		};
		B0533FC9259B84F3002B9581 /* Release */ = {
			isa = XCBuildConfiguration;
			buildSettings = {
				ALWAYS_EMBED_SWIFT_STANDARD_LIBRARIES = YES;
				BUNDLE_LOADER = "$(TEST_HOST)";
				CODE_SIGN_STYLE = Automatic;
				DEVELOPMENT_TEAM = PXZ9H8P4AQ;
				INFOPLIST_FILE = SyEulerTests/Info.plist;
				IPHONEOS_DEPLOYMENT_TARGET = 14.0;
				LD_RUNPATH_SEARCH_PATHS = (
					"$(inherited)",
					"@executable_path/Frameworks",
					"@loader_path/Frameworks",
				);
				PRODUCT_BUNDLE_IDENTIFIER = com.syzygysoftwerksllc.SyEulerTests;
				PRODUCT_NAME = "$(TARGET_NAME)";
				SWIFT_VERSION = 5.0;
				TARGETED_DEVICE_FAMILY = "1,2";
				TEST_HOST = "$(BUILT_PRODUCTS_DIR)/SyEuler.app/SyEuler";
			};
			name = Release;
		};
		B0533FCB259B84F3002B9581 /* Debug */ = {
			isa = XCBuildConfiguration;
			buildSettings = {
				ALWAYS_EMBED_SWIFT_STANDARD_LIBRARIES = YES;
				CODE_SIGN_STYLE = Automatic;
				DEVELOPMENT_TEAM = PXZ9H8P4AQ;
				INFOPLIST_FILE = SyEulerUITests/Info.plist;
				LD_RUNPATH_SEARCH_PATHS = (
					"$(inherited)",
					"@executable_path/Frameworks",
					"@loader_path/Frameworks",
				);
				PRODUCT_BUNDLE_IDENTIFIER = com.syzygysoftwerksllc.SyEulerUITests;
				PRODUCT_NAME = "$(TARGET_NAME)";
				SWIFT_VERSION = 5.0;
				TARGETED_DEVICE_FAMILY = "1,2";
				TEST_TARGET_NAME = SyEuler;
			};
			name = Debug;
		};
		B0533FCC259B84F3002B9581 /* Release */ = {
			isa = XCBuildConfiguration;
			buildSettings = {
				ALWAYS_EMBED_SWIFT_STANDARD_LIBRARIES = YES;
				CODE_SIGN_STYLE = Automatic;
				DEVELOPMENT_TEAM = PXZ9H8P4AQ;
				INFOPLIST_FILE = SyEulerUITests/Info.plist;
				LD_RUNPATH_SEARCH_PATHS = (
					"$(inherited)",
					"@executable_path/Frameworks",
					"@loader_path/Frameworks",
				);
				PRODUCT_BUNDLE_IDENTIFIER = com.syzygysoftwerksllc.SyEulerUITests;
				PRODUCT_NAME = "$(TARGET_NAME)";
				SWIFT_VERSION = 5.0;
				TARGETED_DEVICE_FAMILY = "1,2";
				TEST_TARGET_NAME = SyEuler;
			};
			name = Release;
		};
/* End XCBuildConfiguration section */

/* Begin XCConfigurationList section */
		B0533F9A259B84F1002B9581 /* Build configuration list for PBXProject "SyEuler" */ = {
			isa = XCConfigurationList;
			buildConfigurations = (
				B0533FC2259B84F3002B9581 /* Debug */,
				B0533FC3259B84F3002B9581 /* Release */,
			);
			defaultConfigurationIsVisible = 0;
			defaultConfigurationName = Release;
		};
		B0533FC4259B84F3002B9581 /* Build configuration list for PBXNativeTarget "SyEuler" */ = {
			isa = XCConfigurationList;
			buildConfigurations = (
				B0533FC5259B84F3002B9581 /* Debug */,
				B0533FC6259B84F3002B9581 /* Release */,
			);
			defaultConfigurationIsVisible = 0;
			defaultConfigurationName = Release;
		};
		B0533FC7259B84F3002B9581 /* Build configuration list for PBXNativeTarget "SyEulerTests" */ = {
			isa = XCConfigurationList;
			buildConfigurations = (
				B0533FC8259B84F3002B9581 /* Debug */,
				B0533FC9259B84F3002B9581 /* Release */,
			);
			defaultConfigurationIsVisible = 0;
			defaultConfigurationName = Release;
		};
		B0533FCA259B84F3002B9581 /* Build configuration list for PBXNativeTarget "SyEulerUITests" */ = {
			isa = XCConfigurationList;
			buildConfigurations = (
				B0533FCB259B84F3002B9581 /* Debug */,
				B0533FCC259B84F3002B9581 /* Release */,
			);
			defaultConfigurationIsVisible = 0;
			defaultConfigurationName = Release;
		};
/* End XCConfigurationList section */
	};
	rootObject = B0533F97259B84F1002B9581 /* Project object */;
}
