// !$*UTF8*$!
{
	archiveVersion = 1;
	classes = {
	};
	objectVersion = 50;
	objects = {

/* Begin PBXBuildFile section */
		B0533FA3259B84F1002B9581 /* SyEulerApp.swift in Sources */ = {isa = PBXBuildFile; fileRef = B0533FA2259B84F1002B9581 /* SyEulerApp.swift */; };
		B0533FA5259B84F1002B9581 /* ProblemList.swift in Sources */ = {isa = PBXBuildFile; fileRef = B0533FA4259B84F1002B9581 /* ProblemList.swift */; };
		B0533FA7259B84F3002B9581 /* Assets.xcassets in Resources */ = {isa = PBXBuildFile; fileRef = B0533FA6259B84F3002B9581 /* Assets.xcassets */; };
		B0533FAA259B84F3002B9581 /* Preview Assets.xcassets in Resources */ = {isa = PBXBuildFile; fileRef = B0533FA9259B84F3002B9581 /* Preview Assets.xcassets */; };
		B0533FB5259B84F3002B9581 /* SyEulerTests.swift in Sources */ = {isa = PBXBuildFile; fileRef = B0533FB4259B84F3002B9581 /* SyEulerTests.swift */; };
		B0533FC0259B84F3002B9581 /* SyEulerUITests.swift in Sources */ = {isa = PBXBuildFile; fileRef = B0533FBF259B84F3002B9581 /* SyEulerUITests.swift */; };
		B0533FE7259B863C002B9581 /* Problem1Tests.swift in Sources */ = {isa = PBXBuildFile; fileRef = B0533FE6259B863C002B9581 /* Problem1Tests.swift */; };
		B0533FF6259B87A2002B9581 /* Problem1.swift in Sources */ = {isa = PBXBuildFile; fileRef = B0533FF4259B87A2002B9581 /* Problem1.swift */; };
		B0533FF7259B87A2002B9581 /* Problem.swift in Sources */ = {isa = PBXBuildFile; fileRef = B0533FF5259B87A2002B9581 /* Problem.swift */; };
		B0533FFC259B87B1002B9581 /* Logger.swift in Sources */ = {isa = PBXBuildFile; fileRef = B0533FFB259B87B1002B9581 /* Logger.swift */; };
		B07BBC71259B8F8200A8DE25 /* Problem2.swift in Sources */ = {isa = PBXBuildFile; fileRef = B07BBC70259B8F8200A8DE25 /* Problem2.swift */; };
		B07BBC79259B92E000A8DE25 /* ProblemRow.swift in Sources */ = {isa = PBXBuildFile; fileRef = B07BBC78259B92E000A8DE25 /* ProblemRow.swift */; };
		B07BBC88259B981200A8DE25 /* UIColorExtension.swift in Sources */ = {isa = PBXBuildFile; fileRef = B07BBC87259B981200A8DE25 /* UIColorExtension.swift */; };
		B07BBC8F259B9F9200A8DE25 /* ProblemDetail.swift in Sources */ = {isa = PBXBuildFile; fileRef = B07BBC8E259B9F9200A8DE25 /* ProblemDetail.swift */; };
		B07BBC97259BA17F00A8DE25 /* GeneralInfo.swift in Sources */ = {isa = PBXBuildFile; fileRef = B07BBC96259BA17F00A8DE25 /* GeneralInfo.swift */; };
		B07BBC9C259BB49800A8DE25 /* ProblemCompletedOn.swift in Sources */ = {isa = PBXBuildFile; fileRef = B07BBC9B259BB49800A8DE25 /* ProblemCompletedOn.swift */; };
		B07BBCA1259BB5E300A8DE25 /* ProblemStartedOn.swift in Sources */ = {isa = PBXBuildFile; fileRef = B07BBCA0259BB5E300A8DE25 /* ProblemStartedOn.swift */; };
		B07BBCBA259BC5B600A8DE25 /* Safari.swift in Sources */ = {isa = PBXBuildFile; fileRef = B07BBCB9259BC5B600A8DE25 /* Safari.swift */; };
		B07BBCC3259BC76B00A8DE25 /* ProblemTitle.swift in Sources */ = {isa = PBXBuildFile; fileRef = B07BBCC2259BC76B00A8DE25 /* ProblemTitle.swift */; };
		B07BBCE3259BE36500A8DE25 /* Problem2Tests.swift in Sources */ = {isa = PBXBuildFile; fileRef = B07BBCE2259BE36500A8DE25 /* Problem2Tests.swift */; };
/* End PBXBuildFile section */

/* Begin PBXContainerItemProxy section */
		B0533FB1259B84F3002B9581 /* PBXContainerItemProxy */ = {
			isa = PBXContainerItemProxy;
			containerPortal = B0533F97259B84F1002B9581 /* Project object */;
			proxyType = 1;
			remoteGlobalIDString = B0533F9E259B84F1002B9581;
			remoteInfo = SyEuler;
		};
		B0533FBC259B84F3002B9581 /* PBXContainerItemProxy */ = {
			isa = PBXContainerItemProxy;
			containerPortal = B0533F97259B84F1002B9581 /* Project object */;
			proxyType = 1;
			remoteGlobalIDString = B0533F9E259B84F1002B9581;
			remoteInfo = SyEuler;
		};
/* End PBXContainerItemProxy section */

/* Begin PBXFileReference section */
		B0533F9F259B84F1002B9581 /* SyEuler.app */ = {isa = PBXFileReference; explicitFileType = wrapper.application; includeInIndex = 0; path = SyEuler.app; sourceTree = BUILT_PRODUCTS_DIR; };
		B0533FA2259B84F1002B9581 /* SyEulerApp.swift */ = {isa = PBXFileReference; lastKnownFileType = sourcecode.swift; path = SyEulerApp.swift; sourceTree = "<group>"; };
		B0533FA4259B84F1002B9581 /* ProblemList.swift */ = {isa = PBXFileReference; lastKnownFileType = sourcecode.swift; path = ProblemList.swift; sourceTree = "<group>"; };
		B0533FA6259B84F3002B9581 /* Assets.xcassets */ = {isa = PBXFileReference; lastKnownFileType = folder.assetcatalog; path = Assets.xcassets; sourceTree = "<group>"; };
		B0533FA9259B84F3002B9581 /* Preview Assets.xcassets */ = {isa = PBXFileReference; lastKnownFileType = folder.assetcatalog; path = "Preview Assets.xcassets"; sourceTree = "<group>"; };
		B0533FAB259B84F3002B9581 /* Info.plist */ = {isa = PBXFileReference; lastKnownFileType = text.plist.xml; path = Info.plist; sourceTree = "<group>"; };
		B0533FB0259B84F3002B9581 /* SyEulerTests.xctest */ = {isa = PBXFileReference; explicitFileType = wrapper.cfbundle; includeInIndex = 0; path = SyEulerTests.xctest; sourceTree = BUILT_PRODUCTS_DIR; };
		B0533FB4259B84F3002B9581 /* SyEulerTests.swift */ = {isa = PBXFileReference; lastKnownFileType = sourcecode.swift; path = SyEulerTests.swift; sourceTree = "<group>"; };
		B0533FB6259B84F3002B9581 /* Info.plist */ = {isa = PBXFileReference; lastKnownFileType = text.plist.xml; path = Info.plist; sourceTree = "<group>"; };
		B0533FBB259B84F3002B9581 /* SyEulerUITests.xctest */ = {isa = PBXFileReference; explicitFileType = wrapper.cfbundle; includeInIndex = 0; path = SyEulerUITests.xctest; sourceTree = BUILT_PRODUCTS_DIR; };
		B0533FBF259B84F3002B9581 /* SyEulerUITests.swift */ = {isa = PBXFileReference; lastKnownFileType = sourcecode.swift; path = SyEulerUITests.swift; sourceTree = "<group>"; };
		B0533FC1259B84F3002B9581 /* Info.plist */ = {isa = PBXFileReference; lastKnownFileType = text.plist.xml; path = Info.plist; sourceTree = "<group>"; };
		B0533FE6259B863C002B9581 /* Problem1Tests.swift */ = {isa = PBXFileReference; fileEncoding = 4; lastKnownFileType = sourcecode.swift; path = Problem1Tests.swift; sourceTree = "<group>"; };
		B0533FF4259B87A2002B9581 /* Problem1.swift */ = {isa = PBXFileReference; fileEncoding = 4; lastKnownFileType = sourcecode.swift; path = Problem1.swift; sourceTree = "<group>"; };
		B0533FF5259B87A2002B9581 /* Problem.swift */ = {isa = PBXFileReference; fileEncoding = 4; lastKnownFileType = sourcecode.swift; path = Problem.swift; sourceTree = "<group>"; };
		B0533FFB259B87B1002B9581 /* Logger.swift */ = {isa = PBXFileReference; fileEncoding = 4; lastKnownFileType = sourcecode.swift; path = Logger.swift; sourceTree = "<group>"; };
		B07BBC70259B8F8200A8DE25 /* Problem2.swift */ = {isa = PBXFileReference; lastKnownFileType = sourcecode.swift; path = Problem2.swift; sourceTree = "<group>"; };
		B07BBC78259B92E000A8DE25 /* ProblemRow.swift */ = {isa = PBXFileReference; lastKnownFileType = sourcecode.swift; path = ProblemRow.swift; sourceTree = "<group>"; };
		B07BBC87259B981200A8DE25 /* UIColorExtension.swift */ = {isa = PBXFileReference; fileEncoding = 4; lastKnownFileType = sourcecode.swift; path = UIColorExtension.swift; sourceTree = "<group>"; };
		B07BBC8E259B9F9200A8DE25 /* ProblemDetail.swift */ = {isa = PBXFileReference; lastKnownFileType = sourcecode.swift; path = ProblemDetail.swift; sourceTree = "<group>"; };
		B07BBC96259BA17F00A8DE25 /* GeneralInfo.swift */ = {isa = PBXFileReference; lastKnownFileType = sourcecode.swift; path = GeneralInfo.swift; sourceTree = "<group>"; };
		B07BBC9B259BB49800A8DE25 /* ProblemCompletedOn.swift */ = {isa = PBXFileReference; lastKnownFileType = sourcecode.swift; path = ProblemCompletedOn.swift; sourceTree = "<group>"; };
		B07BBCA0259BB5E300A8DE25 /* ProblemStartedOn.swift */ = {isa = PBXFileReference; lastKnownFileType = sourcecode.swift; path = ProblemStartedOn.swift; sourceTree = "<group>"; };
		B07BBCB9259BC5B600A8DE25 /* Safari.swift */ = {isa = PBXFileReference; lastKnownFileType = sourcecode.swift; path = Safari.swift; sourceTree = "<group>"; };
		B07BBCC2259BC76B00A8DE25 /* ProblemTitle.swift */ = {isa = PBXFileReference; lastKnownFileType = sourcecode.swift; path = ProblemTitle.swift; sourceTree = "<group>"; };
		B07BBCE2259BE36500A8DE25 /* Problem2Tests.swift */ = {isa = PBXFileReference; lastKnownFileType = sourcecode.swift; path = Problem2Tests.swift; sourceTree = "<group>"; };
/* End PBXFileReference section */

/* Begin PBXFrameworksBuildPhase section */
		B0533F9C259B84F1002B9581 /* Frameworks */ = {
			isa = PBXFrameworksBuildPhase;
			buildActionMask = 2147483647;
			files = (
			);
			runOnlyForDeploymentPostprocessing = 0;
		};
		B0533FAD259B84F3002B9581 /* Frameworks */ = {
			isa = PBXFrameworksBuildPhase;
			buildActionMask = 2147483647;
			files = (
			);
			runOnlyForDeploymentPostprocessing = 0;
		};
		B0533FB8259B84F3002B9581 /* Frameworks */ = {
			isa = PBXFrameworksBuildPhase;
			buildActionMask = 2147483647;
			files = (
			);
			runOnlyForDeploymentPostprocessing = 0;
		};
/* End PBXFrameworksBuildPhase section */

/* Begin PBXGroup section */
		B0533F96259B84F1002B9581 = {
			isa = PBXGroup;
			children = (
				B0533FA1259B84F1002B9581 /* SyEuler */,
				B0533FB3259B84F3002B9581 /* SyEulerTests */,
				B0533FBE259B84F3002B9581 /* SyEulerUITests */,
				B0533FA0259B84F1002B9581 /* Products */,
			);
			sourceTree = "<group>";
		};
		B0533FA0259B84F1002B9581 /* Products */ = {
			isa = PBXGroup;
			children = (
				B0533F9F259B84F1002B9581 /* SyEuler.app */,
				B0533FB0259B84F3002B9581 /* SyEulerTests.xctest */,
				B0533FBB259B84F3002B9581 /* SyEulerUITests.xctest */,
			);
			name = Products;
			sourceTree = "<group>";
		};
		B0533FA1259B84F1002B9581 /* SyEuler */ = {
			isa = PBXGroup;
			children = (
				B07BBC86259B97D900A8DE25 /* Extensions */,
				B0533FD3259B8520002B9581 /* Problems */,
				B0534003259B87E1002B9581 /* Supporting */,
				B0534004259B8801002B9581 /* Views */,
			);
			path = SyEuler;
			sourceTree = "<group>";
		};
		B0533FA8259B84F3002B9581 /* Preview Content */ = {
			isa = PBXGroup;
			children = (
				B0533FA9259B84F3002B9581 /* Preview Assets.xcassets */,
			);
			path = "Preview Content";
			sourceTree = "<group>";
		};
		B0533FB3259B84F3002B9581 /* SyEulerTests */ = {
			isa = PBXGroup;
			children = (
				B0533FB6259B84F3002B9581 /* Info.plist */,
				B0533FE6259B863C002B9581 /* Problem1Tests.swift */,
				B07BBCE2259BE36500A8DE25 /* Problem2Tests.swift */,
				B0533FB4259B84F3002B9581 /* SyEulerTests.swift */,
			);
			path = SyEulerTests;
			sourceTree = "<group>";
		};
		B0533FBE259B84F3002B9581 /* SyEulerUITests */ = {
			isa = PBXGroup;
			children = (
				B0533FBF259B84F3002B9581 /* SyEulerUITests.swift */,
				B0533FC1259B84F3002B9581 /* Info.plist */,
			);
			path = SyEulerUITests;
			sourceTree = "<group>";
		};
		B0533FD3259B8520002B9581 /* Problems */ = {
			isa = PBXGroup;
			children = (
				B0533FF5259B87A2002B9581 /* Problem.swift */,
				B0533FF4259B87A2002B9581 /* Problem1.swift */,
				B07BBC70259B8F8200A8DE25 /* Problem2.swift */,
			);
			path = Problems;
			sourceTree = "<group>";
		};
		B0534003259B87E1002B9581 /* Supporting */ = {
			isa = PBXGroup;
			children = (
				B0533FA6259B84F3002B9581 /* Assets.xcassets */,
				B0533FAB259B84F3002B9581 /* Info.plist */,
				B0533FFB259B87B1002B9581 /* Logger.swift */,
				B0533FA8259B84F3002B9581 /* Preview Content */,
				B0533FA2259B84F1002B9581 /* SyEulerApp.swift */,
			);
			path = Supporting;
			sourceTree = "<group>";
		};
		B0534004259B8801002B9581 /* Views */ = {
			isa = PBXGroup;
			children = (
				B07BBC96259BA17F00A8DE25 /* GeneralInfo.swift */,
				B07BBCBE259BC75700A8DE25 /* Problems */,
				B07BBCB9259BC5B600A8DE25 /* Safari.swift */,
			);
			path = Views;
			sourceTree = "<group>";
		};
		B07BBC86259B97D900A8DE25 /* Extensions */ = {
			isa = PBXGroup;
			children = (
				B07BBC87259B981200A8DE25 /* UIColorExtension.swift */,
			);
			path = Extensions;
			sourceTree = "<group>";
		};
		B07BBCBE259BC75700A8DE25 /* Problems */ = {
			isa = PBXGroup;
			children = (
				B07BBC9B259BB49800A8DE25 /* ProblemCompletedOn.swift */,
				B07BBC8E259B9F9200A8DE25 /* ProblemDetail.swift */,
				B0533FA4259B84F1002B9581 /* ProblemList.swift */,
				B07BBC78259B92E000A8DE25 /* ProblemRow.swift */,
				B07BBCA0259BB5E300A8DE25 /* ProblemStartedOn.swift */,
				B07BBCC2259BC76B00A8DE25 /* ProblemTitle.swift */,
			);
			path = Problems;
			sourceTree = "<group>";
		};
/* End PBXGroup section */

/* Begin PBXNativeTarget section */
		B0533F9E259B84F1002B9581 /* SyEuler */ = {
			isa = PBXNativeTarget;
			buildConfigurationList = B0533FC4259B84F3002B9581 /* Build configuration list for PBXNativeTarget "SyEuler" */;
			buildPhases = (
				B0533F9B259B84F1002B9581 /* Sources */,
				B0533F9C259B84F1002B9581 /* Frameworks */,
				B0533F9D259B84F1002B9581 /* Resources */,
			);
			buildRules = (
			);
			dependencies = (
			);
			name = SyEuler;
			productName = SyEuler;
			productReference = B0533F9F259B84F1002B9581 /* SyEuler.app */;
			productType = "com.apple.product-type.application";
		};
		B0533FAF259B84F3002B9581 /* SyEulerTests */ = {
			isa = PBXNativeTarget;
			buildConfigurationList = B0533FC7259B84F3002B9581 /* Build configuration list for PBXNativeTarget "SyEulerTests" */;
			buildPhases = (
				B0533FAC259B84F3002B9581 /* Sources */,
				B0533FAD259B84F3002B9581 /* Frameworks */,
				B0533FAE259B84F3002B9581 /* Resources */,
			);
			buildRules = (
			);
			dependencies = (
				B0533FB2259B84F3002B9581 /* PBXTargetDependency */,
			);
			name = SyEulerTests;
			productName = SyEulerTests;
			productReference = B0533FB0259B84F3002B9581 /* SyEulerTests.xctest */;
			productType = "com.apple.product-type.bundle.unit-test";
		};
		B0533FBA259B84F3002B9581 /* SyEulerUITests */ = {
			isa = PBXNativeTarget;
			buildConfigurationList = B0533FCA259B84F3002B9581 /* Build configuration list for PBXNativeTarget "SyEulerUITests" */;
			buildPhases = (
				B0533FB7259B84F3002B9581 /* Sources */,
				B0533FB8259B84F3002B9581 /* Frameworks */,
				B0533FB9259B84F3002B9581 /* Resources */,
			);
			buildRules = (
			);
			dependencies = (
				B0533FBD259B84F3002B9581 /* PBXTargetDependency */,
			);
			name = SyEulerUITests;
			productName = SyEulerUITests;
			productReference = B0533FBB259B84F3002B9581 /* SyEulerUITests.xctest */;
			productType = "com.apple.product-type.bundle.ui-testing";
		};
/* End PBXNativeTarget section */

/* Begin PBXProject section */
		B0533F97259B84F1002B9581 /* Project object */ = {
			isa = PBXProject;
			attributes = {
				LastSwiftUpdateCheck = 1230;
				LastUpgradeCheck = 1230;
				TargetAttributes = {
					B0533F9E259B84F1002B9581 = {
						CreatedOnToolsVersion = 12.3;
					};
					B0533FAF259B84F3002B9581 = {
						CreatedOnToolsVersion = 12.3;
						TestTargetID = B0533F9E259B84F1002B9581;
					};
					B0533FBA259B84F3002B9581 = {
						CreatedOnToolsVersion = 12.3;
						TestTargetID = B0533F9E259B84F1002B9581;
					};
				};
			};
			buildConfigurationList = B0533F9A259B84F1002B9581 /* Build configuration list for PBXProject "SyEuler" */;
			compatibilityVersion = "Xcode 9.3";
			developmentRegion = en;
			hasScannedForEncodings = 0;
			knownRegions = (
				en,
				Base,
			);
			mainGroup = B0533F96259B84F1002B9581;
			productRefGroup = B0533FA0259B84F1002B9581 /* Products */;
			projectDirPath = "";
			projectRoot = "";
			targets = (
				B0533F9E259B84F1002B9581 /* SyEuler */,
				B0533FAF259B84F3002B9581 /* SyEulerTests */,
				B0533FBA259B84F3002B9581 /* SyEulerUITests */,
			);
		};
/* End PBXProject section */

/* Begin PBXResourcesBuildPhase section */
		B0533F9D259B84F1002B9581 /* Resources */ = {
			isa = PBXResourcesBuildPhase;
			buildActionMask = 2147483647;
			files = (
				B0533FAA259B84F3002B9581 /* Preview Assets.xcassets in Resources */,
				B0533FA7259B84F3002B9581 /* Assets.xcassets in Resources */,
			);
			runOnlyForDeploymentPostprocessing = 0;
		};
		B0533FAE259B84F3002B9581 /* Resources */ = {
			isa = PBXResourcesBuildPhase;
			buildActionMask = 2147483647;
			files = (
			);
			runOnlyForDeploymentPostprocessing = 0;
		};
		B0533FB9259B84F3002B9581 /* Resources */ = {
			isa = PBXResourcesBuildPhase;
			buildActionMask = 2147483647;
			files = (
			);
			runOnlyForDeploymentPostprocessing = 0;
		};
/* End PBXResourcesBuildPhase section */

/* Begin PBXSourcesBuildPhase section */
		B0533F9B259B84F1002B9581 /* Sources */ = {
			isa = PBXSourcesBuildPhase;
			buildActionMask = 2147483647;
			files = (
				B07BBCC3259BC76B00A8DE25 /* ProblemTitle.swift in Sources */,
				B0533FF6259B87A2002B9581 /* Problem1.swift in Sources */,
				B0533FFC259B87B1002B9581 /* Logger.swift in Sources */,
				B0533FF7259B87A2002B9581 /* Problem.swift in Sources */,
				B07BBC88259B981200A8DE25 /* UIColorExtension.swift in Sources */,
				B07BBC79259B92E000A8DE25 /* ProblemRow.swift in Sources */,
				B07BBC8F259B9F9200A8DE25 /* ProblemDetail.swift in Sources */,
				B07BBCA1259BB5E300A8DE25 /* ProblemStartedOn.swift in Sources */,
				B07BBC97259BA17F00A8DE25 /* GeneralInfo.swift in Sources */,
				B07BBC71259B8F8200A8DE25 /* Problem2.swift in Sources */,
				B0533FA5259B84F1002B9581 /* ProblemList.swift in Sources */,
				B07BBC9C259BB49800A8DE25 /* ProblemCompletedOn.swift in Sources */,
				B0533FA3259B84F1002B9581 /* SyEulerApp.swift in Sources */,
				B07BBCBA259BC5B600A8DE25 /* Safari.swift in Sources */,
			);
			runOnlyForDeploymentPostprocessing = 0;
		};
		B0533FAC259B84F3002B9581 /* Sources */ = {
			isa = PBXSourcesBuildPhase;
			buildActionMask = 2147483647;
			files = (
				B0533FE7259B863C002B9581 /* Problem1Tests.swift in Sources */,
				B07BBCE3259BE36500A8DE25 /* Problem2Tests.swift in Sources */,
				B0533FB5259B84F3002B9581 /* SyEulerTests.swift in Sources */,
			);
			runOnlyForDeploymentPostprocessing = 0;
		};
		B0533FB7259B84F3002B9581 /* Sources */ = {
			isa = PBXSourcesBuildPhase;
			buildActionMask = 2147483647;
			files = (
				B0533FC0259B84F3002B9581 /* SyEulerUITests.swift in Sources */,
			);
			runOnlyForDeploymentPostprocessing = 0;
		};
/* End PBXSourcesBuildPhase section */

/* Begin PBXTargetDependency section */
		B0533FB2259B84F3002B9581 /* PBXTargetDependency */ = {
			isa = PBXTargetDependency;
			target = B0533F9E259B84F1002B9581 /* SyEuler */;
			targetProxy = B0533FB1259B84F3002B9581 /* PBXContainerItemProxy */;
		};
		B0533FBD259B84F3002B9581 /* PBXTargetDependency */ = {
			isa = PBXTargetDependency;
			target = B0533F9E259B84F1002B9581 /* SyEuler */;
			targetProxy = B0533FBC259B84F3002B9581 /* PBXContainerItemProxy */;
		};
/* End PBXTargetDependency section */

/* Begin XCBuildConfiguration section */
		B0533FC2259B84F3002B9581 /* Debug */ = {
			isa = XCBuildConfiguration;
			buildSettings = {
				ALWAYS_SEARCH_USER_PATHS = NO;
				CLANG_ANALYZER_NONNULL = YES;
				CLANG_ANALYZER_NUMBER_OBJECT_CONVERSION = YES_AGGRESSIVE;
				CLANG_CXX_LANGUAGE_STANDARD = "gnu++14";
				CLANG_CXX_LIBRARY = "libc++";
				CLANG_ENABLE_MODULES = YES;
				CLANG_ENABLE_OBJC_ARC = YES;
				CLANG_ENABLE_OBJC_WEAK = YES;
				CLANG_WARN_BLOCK_CAPTURE_AUTORELEASING = YES;
				CLANG_WARN_BOOL_CONVERSION = YES;
				CLANG_WARN_COMMA = YES;
				CLANG_WARN_CONSTANT_CONVERSION = YES;
				CLANG_WARN_DEPRECATED_OBJC_IMPLEMENTATIONS = YES;
				CLANG_WARN_DIRECT_OBJC_ISA_USAGE = YES_ERROR;
				CLANG_WARN_DOCUMENTATION_COMMENTS = YES;
				CLANG_WARN_EMPTY_BODY = YES;
				CLANG_WARN_ENUM_CONVERSION = YES;
				CLANG_WARN_INFINITE_RECURSION = YES;
				CLANG_WARN_INT_CONVERSION = YES;
				CLANG_WARN_NON_LITERAL_NULL_CONVERSION = YES;
				CLANG_WARN_OBJC_IMPLICIT_RETAIN_SELF = YES;
				CLANG_WARN_OBJC_LITERAL_CONVERSION = YES;
				CLANG_WARN_OBJC_ROOT_CLASS = YES_ERROR;
				CLANG_WARN_QUOTED_INCLUDE_IN_FRAMEWORK_HEADER = YES;
				CLANG_WARN_RANGE_LOOP_ANALYSIS = YES;
				CLANG_WARN_STRICT_PROTOTYPES = YES;
				CLANG_WARN_SUSPICIOUS_MOVE = YES;
				CLANG_WARN_UNGUARDED_AVAILABILITY = YES_AGGRESSIVE;
				CLANG_WARN_UNREACHABLE_CODE = YES;
				CLANG_WARN__DUPLICATE_METHOD_MATCH = YES;
				COPY_PHASE_STRIP = NO;
				DEBUG_INFORMATION_FORMAT = dwarf;
				ENABLE_STRICT_OBJC_MSGSEND = YES;
				ENABLE_TESTABILITY = YES;
				GCC_C_LANGUAGE_STANDARD = gnu11;
				GCC_DYNAMIC_NO_PIC = NO;
				GCC_NO_COMMON_BLOCKS = YES;
				GCC_OPTIMIZATION_LEVEL = 0;
				GCC_PREPROCESSOR_DEFINITIONS = (
					"DEBUG=1",
					"$(inherited)",
				);
				GCC_WARN_64_TO_32_BIT_CONVERSION = YES;
				GCC_WARN_ABOUT_RETURN_TYPE = YES_ERROR;
				GCC_WARN_UNDECLARED_SELECTOR = YES;
				GCC_WARN_UNINITIALIZED_AUTOS = YES_AGGRESSIVE;
				GCC_WARN_UNUSED_FUNCTION = YES;
				GCC_WARN_UNUSED_VARIABLE = YES;
				IPHONEOS_DEPLOYMENT_TARGET = 14.3;
				MTL_ENABLE_DEBUG_INFO = INCLUDE_SOURCE;
				MTL_FAST_MATH = YES;
				ONLY_ACTIVE_ARCH = YES;
				SDKROOT = iphoneos;
				SWIFT_ACTIVE_COMPILATION_CONDITIONS = DEBUG;
				SWIFT_OPTIMIZATION_LEVEL = "-Onone";
			};
			name = Debug;
		};
		B0533FC3259B84F3002B9581 /* Release */ = {
			isa = XCBuildConfiguration;
			buildSettings = {
				ALWAYS_SEARCH_USER_PATHS = NO;
				CLANG_ANALYZER_NONNULL = YES;
				CLANG_ANALYZER_NUMBER_OBJECT_CONVERSION = YES_AGGRESSIVE;
				CLANG_CXX_LANGUAGE_STANDARD = "gnu++14";
				CLANG_CXX_LIBRARY = "libc++";
				CLANG_ENABLE_MODULES = YES;
				CLANG_ENABLE_OBJC_ARC = YES;
				CLANG_ENABLE_OBJC_WEAK = YES;
				CLANG_WARN_BLOCK_CAPTURE_AUTORELEASING = YES;
				CLANG_WARN_BOOL_CONVERSION = YES;
				CLANG_WARN_COMMA = YES;
				CLANG_WARN_CONSTANT_CONVERSION = YES;
				CLANG_WARN_DEPRECATED_OBJC_IMPLEMENTATIONS = YES;
				CLANG_WARN_DIRECT_OBJC_ISA_USAGE = YES_ERROR;
				CLANG_WARN_DOCUMENTATION_COMMENTS = YES;
				CLANG_WARN_EMPTY_BODY = YES;
				CLANG_WARN_ENUM_CONVERSION = YES;
				CLANG_WARN_INFINITE_RECURSION = YES;
				CLANG_WARN_INT_CONVERSION = YES;
				CLANG_WARN_NON_LITERAL_NULL_CONVERSION = YES;
				CLANG_WARN_OBJC_IMPLICIT_RETAIN_SELF = YES;
				CLANG_WARN_OBJC_LITERAL_CONVERSION = YES;
				CLANG_WARN_OBJC_ROOT_CLASS = YES_ERROR;
				CLANG_WARN_QUOTED_INCLUDE_IN_FRAMEWORK_HEADER = YES;
				CLANG_WARN_RANGE_LOOP_ANALYSIS = YES;
				CLANG_WARN_STRICT_PROTOTYPES = YES;
				CLANG_WARN_SUSPICIOUS_MOVE = YES;
				CLANG_WARN_UNGUARDED_AVAILABILITY = YES_AGGRESSIVE;
				CLANG_WARN_UNREACHABLE_CODE = YES;
				CLANG_WARN__DUPLICATE_METHOD_MATCH = YES;
				COPY_PHASE_STRIP = NO;
				DEBUG_INFORMATION_FORMAT = "dwarf-with-dsym";
				ENABLE_NS_ASSERTIONS = NO;
				ENABLE_STRICT_OBJC_MSGSEND = YES;
				GCC_C_LANGUAGE_STANDARD = gnu11;
				GCC_NO_COMMON_BLOCKS = YES;
				GCC_WARN_64_TO_32_BIT_CONVERSION = YES;
				GCC_WARN_ABOUT_RETURN_TYPE = YES_ERROR;
				GCC_WARN_UNDECLARED_SELECTOR = YES;
				GCC_WARN_UNINITIALIZED_AUTOS = YES_AGGRESSIVE;
				GCC_WARN_UNUSED_FUNCTION = YES;
				GCC_WARN_UNUSED_VARIABLE = YES;
				IPHONEOS_DEPLOYMENT_TARGET = 14.3;
				MTL_ENABLE_DEBUG_INFO = NO;
				MTL_FAST_MATH = YES;
				SDKROOT = iphoneos;
				SWIFT_COMPILATION_MODE = wholemodule;
				SWIFT_OPTIMIZATION_LEVEL = "-O";
				VALIDATE_PRODUCT = YES;
			};
			name = Release;
		};
		B0533FC5259B84F3002B9581 /* Debug */ = {
			isa = XCBuildConfiguration;
			buildSettings = {
				ASSETCATALOG_COMPILER_APPICON_NAME = AppIcon;
				ASSETCATALOG_COMPILER_GLOBAL_ACCENT_COLOR_NAME = AccentColor;
				CODE_SIGN_STYLE = Automatic;
				DEVELOPMENT_ASSET_PATHS = "\"SyEuler/Supporting/Preview Content\"";
				DEVELOPMENT_TEAM = PXZ9H8P4AQ;
				ENABLE_PREVIEWS = YES;
				INFOPLIST_FILE = SyEuler/Supporting/Info.plist;
				IPHONEOS_DEPLOYMENT_TARGET = 14.0;
				LD_RUNPATH_SEARCH_PATHS = (
					"$(inherited)",
					"@executable_path/Frameworks",
				);
				MARKETING_VERSION = 1.2;
				PRODUCT_BUNDLE_IDENTIFIER = com.syzygysoftwerksllc.SyEuler;
				PRODUCT_NAME = "$(TARGET_NAME)";
				SWIFT_VERSION = 5.0;
				TARGETED_DEVICE_FAMILY = "1,2";
			};
			name = Debug;
		};
		B0533FC6259B84F3002B9581 /* Release */ = {
			isa = XCBuildConfiguration;
			buildSettings = {
				ASSETCATALOG_COMPILER_APPICON_NAME = AppIcon;
				ASSETCATALOG_COMPILER_GLOBAL_ACCENT_COLOR_NAME = AccentColor;
				CODE_SIGN_STYLE = Automatic;
				DEVELOPMENT_ASSET_PATHS = "\"SyEuler/Supporting/Preview Content\"";
				DEVELOPMENT_TEAM = PXZ9H8P4AQ;
				ENABLE_PREVIEWS = YES;
				INFOPLIST_FILE = SyEuler/Supporting/Info.plist;
				IPHONEOS_DEPLOYMENT_TARGET = 14.0;
				LD_RUNPATH_SEARCH_PATHS = (
					"$(inherited)",
					"@executable_path/Frameworks",
				);
				MARKETING_VERSION = 1.2;
				PRODUCT_BUNDLE_IDENTIFIER = com.syzygysoftwerksllc.SyEuler;
				PRODUCT_NAME = "$(TARGET_NAME)";
				SWIFT_VERSION = 5.0;
				TARGETED_DEVICE_FAMILY = "1,2";
			};
			name = Release;
		};
		B0533FC8259B84F3002B9581 /* Debug */ = {
			isa = XCBuildConfiguration;
			buildSettings = {
				ALWAYS_EMBED_SWIFT_STANDARD_LIBRARIES = YES;
				BUNDLE_LOADER = "$(TEST_HOST)";
				CODE_SIGN_STYLE = Automatic;
				DEVELOPMENT_TEAM = PXZ9H8P4AQ;
				INFOPLIST_FILE = SyEulerTests/Info.plist;
				IPHONEOS_DEPLOYMENT_TARGET = 14.0;
				LD_RUNPATH_SEARCH_PATHS = (
					"$(inherited)",
					"@executable_path/Frameworks",
					"@loader_path/Frameworks",
				);
				PRODUCT_BUNDLE_IDENTIFIER = com.syzygysoftwerksllc.SyEulerTests;
				PRODUCT_NAME = "$(TARGET_NAME)";
				SWIFT_VERSION = 5.0;
				TARGETED_DEVICE_FAMILY = "1,2";
				TEST_HOST = "$(BUILT_PRODUCTS_DIR)/SyEuler.app/SyEuler";
			};
			name = Debug;
		};
		B0533FC9259B84F3002B9581 /* Release */ = {
			isa = XCBuildConfiguration;
			buildSettings = {
				ALWAYS_EMBED_SWIFT_STANDARD_LIBRARIES = YES;
				BUNDLE_LOADER = "$(TEST_HOST)";
				CODE_SIGN_STYLE = Automatic;
				DEVELOPMENT_TEAM = PXZ9H8P4AQ;
				INFOPLIST_FILE = SyEulerTests/Info.plist;
				IPHONEOS_DEPLOYMENT_TARGET = 14.0;
				LD_RUNPATH_SEARCH_PATHS = (
					"$(inherited)",
					"@executable_path/Frameworks",
					"@loader_path/Frameworks",
				);
				PRODUCT_BUNDLE_IDENTIFIER = com.syzygysoftwerksllc.SyEulerTests;
				PRODUCT_NAME = "$(TARGET_NAME)";
				SWIFT_VERSION = 5.0;
				TARGETED_DEVICE_FAMILY = "1,2";
				TEST_HOST = "$(BUILT_PRODUCTS_DIR)/SyEuler.app/SyEuler";
			};
			name = Release;
		};
		B0533FCB259B84F3002B9581 /* Debug */ = {
			isa = XCBuildConfiguration;
			buildSettings = {
				ALWAYS_EMBED_SWIFT_STANDARD_LIBRARIES = YES;
				CODE_SIGN_STYLE = Automatic;
				DEVELOPMENT_TEAM = PXZ9H8P4AQ;
				INFOPLIST_FILE = SyEulerUITests/Info.plist;
				LD_RUNPATH_SEARCH_PATHS = (
					"$(inherited)",
					"@executable_path/Frameworks",
					"@loader_path/Frameworks",
				);
				PRODUCT_BUNDLE_IDENTIFIER = com.syzygysoftwerksllc.SyEulerUITests;
				PRODUCT_NAME = "$(TARGET_NAME)";
				SWIFT_VERSION = 5.0;
				TARGETED_DEVICE_FAMILY = "1,2";
				TEST_TARGET_NAME = SyEuler;
			};
			name = Debug;
		};
		B0533FCC259B84F3002B9581 /* Release */ = {
			isa = XCBuildConfiguration;
			buildSettings = {
				ALWAYS_EMBED_SWIFT_STANDARD_LIBRARIES = YES;
				CODE_SIGN_STYLE = Automatic;
				DEVELOPMENT_TEAM = PXZ9H8P4AQ;
				INFOPLIST_FILE = SyEulerUITests/Info.plist;
				LD_RUNPATH_SEARCH_PATHS = (
					"$(inherited)",
					"@executable_path/Frameworks",
					"@loader_path/Frameworks",
				);
				PRODUCT_BUNDLE_IDENTIFIER = com.syzygysoftwerksllc.SyEulerUITests;
				PRODUCT_NAME = "$(TARGET_NAME)";
				SWIFT_VERSION = 5.0;
				TARGETED_DEVICE_FAMILY = "1,2";
				TEST_TARGET_NAME = SyEuler;
			};
			name = Release;
		};
/* End XCBuildConfiguration section */

/* Begin XCConfigurationList section */
		B0533F9A259B84F1002B9581 /* Build configuration list for PBXProject "SyEuler" */ = {
			isa = XCConfigurationList;
			buildConfigurations = (
				B0533FC2259B84F3002B9581 /* Debug */,
				B0533FC3259B84F3002B9581 /* Release */,
			);
			defaultConfigurationIsVisible = 0;
			defaultConfigurationName = Release;
		};
		B0533FC4259B84F3002B9581 /* Build configuration list for PBXNativeTarget "SyEuler" */ = {
			isa = XCConfigurationList;
			buildConfigurations = (
				B0533FC5259B84F3002B9581 /* Debug */,
				B0533FC6259B84F3002B9581 /* Release */,
			);
			defaultConfigurationIsVisible = 0;
			defaultConfigurationName = Release;
		};
		B0533FC7259B84F3002B9581 /* Build configuration list for PBXNativeTarget "SyEulerTests" */ = {
			isa = XCConfigurationList;
			buildConfigurations = (
				B0533FC8259B84F3002B9581 /* Debug */,
				B0533FC9259B84F3002B9581 /* Release */,
			);
			defaultConfigurationIsVisible = 0;
			defaultConfigurationName = Release;
		};
		B0533FCA259B84F3002B9581 /* Build configuration list for PBXNativeTarget "SyEulerUITests" */ = {
			isa = XCConfigurationList;
			buildConfigurations = (
				B0533FCB259B84F3002B9581 /* Debug */,
				B0533FCC259B84F3002B9581 /* Release */,
			);
			defaultConfigurationIsVisible = 0;
			defaultConfigurationName = Release;
		};
/* End XCConfigurationList section */
	};
	rootObject = B0533F97259B84F1002B9581 /* Project object */;
}
